{
  "version": 4,
  "terraform_version": "1.9.2",
  "serial": 349,
  "lineage": "128181ee-c1b5-97c9-8cc8-5e360445c338",
  "outputs": {
    "batchJobDefinitionArn": {
      "value": "arn:aws:batch:us-east-1:058264225399:job-definition/geonex-maas-prod-job:1",
      "type": "string"
    },
    "batchJobQueueName": {
      "value": "geonex-maas-prod-jobqueue",
      "type": "string"
    },
    "bucket": {
      "value": "geonex-maas-prod-codm",
      "type": "string"
    },
    "docker_image": {
      "value": "058264225399.dkr.ecr.us-east-1.amazonaws.com/geonex-maas-prod-codm:latest",
      "type": "string"
    },
    "prefix": {
      "value": "geonex-maas",
      "type": "string"
    },
    "snsTopic": {
      "value": "arn:aws:sns:us-east-1:058264225399:geonex-maas-prod-notifications",
      "type": "string"
    },
    "stage": {
      "value": "prod",
      "type": "string"
    }
  },
  "resources": [
    {
      "module": "module.resources",
      "mode": "data",
      "type": "archive_file",
      "name": "lambda_layer_zip",
      "provider": "provider[\"registry.terraform.io/hashicorp/archive\"]",
      "instances": [
        {
          "schema_version": 0,
          "attributes": {
            "exclude_symlink_directories": null,
            "excludes": null,
            "id": "80271f1d52b7b80cf37529486b1b0f83be57ee85",
            "output_base64sha256": "wwA74G1lfPxb91rSaZru3fUQgRPIe/mBPiyJAAJp6tw=",
            "output_base64sha512": "YVDjVz9I0owgon7A4baReNOpJlMcKQX+XLCVP3rd+wl31wIX2pJ85ldKxN0ZGBDpjlgcng21f354UpmuXt8LQg==",
            "output_file_mode": null,
            "output_md5": "390521baf2224e7a343a72a7fb26e66e",
            "output_path": "./lambda-layer.zip",
            "output_sha": "80271f1d52b7b80cf37529486b1b0f83be57ee85",
            "output_sha256": "c3003be06d657cfc5bf75ad2699aeeddf5108113c87bf9813e2c89000269eadc",
            "output_sha512": "6150e3573f48d28c20a27ec0e1b69178d3a926531c2905fe5cb0953f7addfb0977d70217da927ce6574ac4dd191810e98e581c9e0db57f7e785299ae5edf0b42",
            "output_size": 15646135,
            "source": [],
            "source_content": null,
            "source_content_filename": null,
            "source_dir": "./builds",
            "source_file": null,
            "type": "zip"
          },
          "sensitive_attributes": []
        }
      ]
    },
    {
      "module": "module.resources",
      "mode": "data",
      "type": "archive_file",
      "name": "python_lambda_package",
      "provider": "provider[\"registry.terraform.io/hashicorp/archive\"]",
      "instances": [
        {
          "schema_version": 0,
          "attributes": {
            "exclude_symlink_directories": null,
            "excludes": null,
            "id": "196b7aa0f587502af0c7709100f532d3b11e8ee9",
            "output_base64sha256": "0Xpfd4XjQI2aQopaXjdh9M2adlUF3C/sE/jSrnsO2zs=",
            "output_base64sha512": "uL16gfLI4B7dpOevQbH4yDkfLh824jHBS8Fzyrw/ZrC78iFcLdTX1LsC4zx6e+Fk8zVozucUpriTl/sJMgwDsQ==",
            "output_file_mode": null,
            "output_md5": "55c8768c74756900d1cee1218adc4f8b",
            "output_path": "./lambda-functions.zip",
            "output_sha": "196b7aa0f587502af0c7709100f532d3b11e8ee9",
            "output_sha256": "d17a5f7785e3408d9a428a5a5e3761f4cd9a765505dc2fec13f8d2ae7b0edb3b",
            "output_sha512": "b8bd7a81f2c8e01edda4e7af41b1f8c8391f2e1f36e231c14bc173cabc3f66b0bbf2215c2dd4d7d4bb02e33c7a7be164f33568cee714a6b89397fb09320c03b1",
            "output_size": 4538,
            "source": [],
            "source_content": null,
            "source_content_filename": null,
            "source_dir": "./lambda/",
            "source_file": null,
            "type": "zip"
          },
          "sensitive_attributes": []
        }
      ]
    },
    {
      "module": "module.resources",
      "mode": "data",
      "type": "aws_availability_zone",
      "name": "available",
      "provider": "provider[\"registry.terraform.io/hashicorp/aws\"]",
      "instances": [
        {
          "index_key": "us-east-1a",
          "schema_version": 0,
          "attributes": {
            "all_availability_zones": null,
            "filter": null,
            "group_name": "us-east-1",
            "id": "us-east-1a",
            "name": "us-east-1a",
            "name_suffix": "a",
            "network_border_group": "us-east-1",
            "opt_in_status": "opt-in-not-required",
            "parent_zone_id": "",
            "parent_zone_name": "",
            "region": "us-east-1",
            "state": "available",
            "timeouts": null,
            "zone_id": "use1-az6",
            "zone_type": "availability-zone"
          },
          "sensitive_attributes": []
        },
        {
          "index_key": "us-east-1b",
          "schema_version": 0,
          "attributes": {
            "all_availability_zones": null,
            "filter": null,
            "group_name": "us-east-1",
            "id": "us-east-1b",
            "name": "us-east-1b",
            "name_suffix": "b",
            "network_border_group": "us-east-1",
            "opt_in_status": "opt-in-not-required",
            "parent_zone_id": "",
            "parent_zone_name": "",
            "region": "us-east-1",
            "state": "available",
            "timeouts": null,
            "zone_id": "use1-az1",
            "zone_type": "availability-zone"
          },
          "sensitive_attributes": []
        },
        {
          "index_key": "us-east-1c",
          "schema_version": 0,
          "attributes": {
            "all_availability_zones": null,
            "filter": null,
            "group_name": "us-east-1",
            "id": "us-east-1c",
            "name": "us-east-1c",
            "name_suffix": "c",
            "network_border_group": "us-east-1",
            "opt_in_status": "opt-in-not-required",
            "parent_zone_id": "",
            "parent_zone_name": "",
            "region": "us-east-1",
            "state": "available",
            "timeouts": null,
            "zone_id": "use1-az2",
            "zone_type": "availability-zone"
          },
          "sensitive_attributes": []
        },
        {
          "index_key": "us-east-1d",
          "schema_version": 0,
          "attributes": {
            "all_availability_zones": null,
            "filter": null,
            "group_name": "us-east-1",
            "id": "us-east-1d",
            "name": "us-east-1d",
            "name_suffix": "d",
            "network_border_group": "us-east-1",
            "opt_in_status": "opt-in-not-required",
            "parent_zone_id": "",
            "parent_zone_name": "",
            "region": "us-east-1",
            "state": "available",
            "timeouts": null,
            "zone_id": "use1-az4",
            "zone_type": "availability-zone"
          },
          "sensitive_attributes": []
        },
        {
          "index_key": "us-east-1e",
          "schema_version": 0,
          "attributes": {
            "all_availability_zones": null,
            "filter": null,
            "group_name": "us-east-1",
            "id": "us-east-1e",
            "name": "us-east-1e",
            "name_suffix": "e",
            "network_border_group": "us-east-1",
            "opt_in_status": "opt-in-not-required",
            "parent_zone_id": "",
            "parent_zone_name": "",
            "region": "us-east-1",
            "state": "available",
            "timeouts": null,
            "zone_id": "use1-az3",
            "zone_type": "availability-zone"
          },
          "sensitive_attributes": []
        },
        {
          "index_key": "us-east-1f",
          "schema_version": 0,
          "attributes": {
            "all_availability_zones": null,
            "filter": null,
            "group_name": "us-east-1",
            "id": "us-east-1f",
            "name": "us-east-1f",
            "name_suffix": "f",
            "network_border_group": "us-east-1",
            "opt_in_status": "opt-in-not-required",
            "parent_zone_id": "",
            "parent_zone_name": "",
            "region": "us-east-1",
            "state": "available",
            "timeouts": null,
            "zone_id": "use1-az5",
            "zone_type": "availability-zone"
          },
          "sensitive_attributes": []
        }
      ]
    },
    {
      "module": "module.resources",
      "mode": "data",
      "type": "aws_availability_zones",
      "name": "available",
      "provider": "provider[\"registry.terraform.io/hashicorp/aws\"]",
      "instances": [
        {
          "schema_version": 0,
          "attributes": {
            "all_availability_zones": null,
            "exclude_names": null,
            "exclude_zone_ids": null,
            "filter": null,
            "group_names": [
              "us-east-1"
            ],
            "id": "us-east-1",
            "names": [
              "us-east-1a",
              "us-east-1b",
              "us-east-1c",
              "us-east-1d",
              "us-east-1e",
              "us-east-1f"
            ],
            "state": "available",
            "timeouts": null,
            "zone_ids": [
              "use1-az6",
              "use1-az1",
              "use1-az2",
              "use1-az4",
              "use1-az3",
              "use1-az5"
            ]
          },
          "sensitive_attributes": []
        }
      ]
    },
    {
      "module": "module.resources",
      "mode": "data",
      "type": "aws_caller_identity",
      "name": "current",
      "provider": "provider[\"registry.terraform.io/hashicorp/aws\"]",
      "instances": [
        {
          "schema_version": 0,
          "attributes": {
            "account_id": "058264225399",
            "arn": "arn:aws:iam::058264225399:root",
            "id": "058264225399",
            "user_id": "058264225399"
          },
          "sensitive_attributes": []
        }
      ]
    },
    {
      "module": "module.resources",
      "mode": "data",
      "type": "aws_ecr_image",
      "name": "batch_ecr_image",
      "provider": "provider[\"registry.terraform.io/hashicorp/aws\"]",
      "instances": [
        {
          "schema_version": 0,
          "attributes": {
            "id": "sha256:4ab149d3e14776756ab601672ba71772d18f2a3b1b404855002a3d5032b9b6a8",
            "image_digest": "sha256:4ab149d3e14776756ab601672ba71772d18f2a3b1b404855002a3d5032b9b6a8",
            "image_pushed_at": 1722519766,
            "image_size_in_bytes": 3866407606,
            "image_tag": "latest",
            "image_tags": [
              "latest"
            ],
            "image_uri": "058264225399.dkr.ecr.us-east-1.amazonaws.com/geonex-maas-prod-codm@sha256:4ab149d3e14776756ab601672ba71772d18f2a3b1b404855002a3d5032b9b6a8",
            "most_recent": null,
            "registry_id": "058264225399",
            "repository_name": "geonex-maas-prod-codm"
          },
          "sensitive_attributes": []
        }
      ]
    },
    {
      "module": "module.resources",
      "mode": "data",
      "type": "aws_iam_policy_document",
      "name": "iam_for_lambda_policy_document",
      "provider": "provider[\"registry.terraform.io/hashicorp/aws\"]",
      "instances": [
        {
          "schema_version": 0,
          "attributes": {
            "id": "261825555",
            "json": "{\n  \"Version\": \"2012-10-17\",\n  \"Statement\": [\n    {\n      \"Sid\": \"CreateCloudWatchLogs\",\n      \"Effect\": \"Allow\",\n      \"Action\": [\n        \"logs:PutLogEvents\",\n        \"logs:CreateLogStream\",\n        \"logs:CreateLogGroup\"\n      ],\n      \"Resource\": \"*\"\n    },\n    {\n      \"Sid\": \"DoLambdaStuff\",\n      \"Effect\": \"Allow\",\n      \"Action\": [\n        \"sqs:SendMessageBatch\",\n        \"sqs:SendMessage\",\n        \"sqs:ReceiveMessage\",\n        \"sqs:ListQueues\",\n        \"sqs:ListQueueTags\",\n        \"sqs:GetQueueUrl\",\n        \"sqs:GetQueueAttributes\",\n        \"sqs:DeleteMessage\",\n        \"sns:Subscribe\",\n        \"sns:SetSubscriptionAttributes\",\n        \"sns:Publish\",\n        \"sns:ListSubscriptionsByTopic\",\n        \"sns:GetTopicAttributes\",\n        \"sns:GetSubscriptionAttributes\",\n        \"ses:SendRawEmail\",\n        \"ses:SendEmail\",\n        \"s3:PutObjectTagging\",\n        \"s3:PutObject\",\n        \"s3:ListBucket\",\n        \"s3:GetObject\",\n        \"s3:GetBucketTagging\",\n        \"s3:DeleteObject\",\n        \"lambda:ListTags\",\n        \"batch:TerminateJob\",\n        \"batch:SubmitJob\",\n        \"batch:List*\",\n        \"batch:Describe*\",\n        \"batch:CancelJob\"\n      ],\n      \"Resource\": \"*\"\n    },\n    {\n      \"Sid\": \"reads3\",\n      \"Effect\": \"Allow\",\n      \"Action\": \"s3:Get*\",\n      \"Resource\": [\n        \"arn:aws:s3:::geonex-maas-prod-codm/*\",\n        \"arn:aws:s3:::geonex-maas-prod-codm\"\n      ]\n    }\n  ]\n}",
            "minified_json": "{\"Version\":\"2012-10-17\",\"Statement\":[{\"Sid\":\"CreateCloudWatchLogs\",\"Effect\":\"Allow\",\"Action\":[\"logs:PutLogEvents\",\"logs:CreateLogStream\",\"logs:CreateLogGroup\"],\"Resource\":\"*\"},{\"Sid\":\"DoLambdaStuff\",\"Effect\":\"Allow\",\"Action\":[\"sqs:SendMessageBatch\",\"sqs:SendMessage\",\"sqs:ReceiveMessage\",\"sqs:ListQueues\",\"sqs:ListQueueTags\",\"sqs:GetQueueUrl\",\"sqs:GetQueueAttributes\",\"sqs:DeleteMessage\",\"sns:Subscribe\",\"sns:SetSubscriptionAttributes\",\"sns:Publish\",\"sns:ListSubscriptionsByTopic\",\"sns:GetTopicAttributes\",\"sns:GetSubscriptionAttributes\",\"ses:SendRawEmail\",\"ses:SendEmail\",\"s3:PutObjectTagging\",\"s3:PutObject\",\"s3:ListBucket\",\"s3:GetObject\",\"s3:GetBucketTagging\",\"s3:DeleteObject\",\"lambda:ListTags\",\"batch:TerminateJob\",\"batch:SubmitJob\",\"batch:List*\",\"batch:Describe*\",\"batch:CancelJob\"],\"Resource\":\"*\"},{\"Sid\":\"reads3\",\"Effect\":\"Allow\",\"Action\":\"s3:Get*\",\"Resource\":[\"arn:aws:s3:::geonex-maas-prod-codm/*\",\"arn:aws:s3:::geonex-maas-prod-codm\"]}]}",
            "override_json": null,
            "override_policy_documents": null,
            "policy_id": null,
            "source_json": null,
            "source_policy_documents": null,
            "statement": [
              {
                "actions": [
                  "logs:CreateLogGroup",
                  "logs:CreateLogStream",
                  "logs:PutLogEvents"
                ],
                "condition": [],
                "effect": "Allow",
                "not_actions": [],
                "not_principals": [],
                "not_resources": [],
                "principals": [],
                "resources": [
                  "*"
                ],
                "sid": "CreateCloudWatchLogs"
              },
              {
                "actions": [
                  "batch:CancelJob",
                  "batch:Describe*",
                  "batch:List*",
                  "batch:SubmitJob",
                  "batch:TerminateJob",
                  "lambda:ListTags",
                  "s3:DeleteObject",
                  "s3:GetBucketTagging",
                  "s3:GetObject",
                  "s3:ListBucket",
                  "s3:PutObject",
                  "s3:PutObjectTagging",
                  "ses:SendEmail",
                  "ses:SendRawEmail",
                  "sns:GetSubscriptionAttributes",
                  "sns:GetTopicAttributes",
                  "sns:ListSubscriptionsByTopic",
                  "sns:Publish",
                  "sns:SetSubscriptionAttributes",
                  "sns:Subscribe",
                  "sqs:DeleteMessage",
                  "sqs:GetQueueAttributes",
                  "sqs:GetQueueUrl",
                  "sqs:ListQueueTags",
                  "sqs:ListQueues",
                  "sqs:ReceiveMessage",
                  "sqs:SendMessage",
                  "sqs:SendMessageBatch"
                ],
                "condition": [],
                "effect": "Allow",
                "not_actions": [],
                "not_principals": [],
                "not_resources": [],
                "principals": [],
                "resources": [
                  "*"
                ],
                "sid": "DoLambdaStuff"
              },
              {
                "actions": [
                  "s3:Get*"
                ],
                "condition": [],
                "effect": "Allow",
                "not_actions": [],
                "not_principals": [],
                "not_resources": [],
                "principals": [],
                "resources": [
                  "arn:aws:s3:::geonex-maas-prod-codm",
                  "arn:aws:s3:::geonex-maas-prod-codm/*"
                ],
                "sid": "reads3"
              }
            ],
            "version": "2012-10-17"
          },
          "sensitive_attributes": []
        }
      ]
    },
    {
      "module": "module.resources",
      "mode": "data",
      "type": "aws_iam_policy_document",
      "name": "lambda_logging_document",
      "provider": "provider[\"registry.terraform.io/hashicorp/aws\"]",
      "instances": [
        {
          "schema_version": 0,
          "attributes": {
            "id": "1578040523",
            "json": "{\n  \"Version\": \"2012-10-17\",\n  \"Statement\": [\n    {\n      \"Effect\": \"Allow\",\n      \"Action\": [\n        \"logs:PutLogEvents\",\n        \"logs:CreateLogStream\",\n        \"logs:CreateLogGroup\"\n      ],\n      \"Resource\": \"arn:aws:logs:*:*:*\"\n    },\n    {\n      \"Sid\": \"DoLambdaStuff\",\n      \"Effect\": \"Allow\",\n      \"Action\": [\n        \"sqs:SendMessageBatch\",\n        \"sqs:SendMessage\",\n        \"sqs:ReceiveMessage\",\n        \"sqs:ListQueues\",\n        \"sqs:ListQueueTags\",\n        \"sqs:GetQueueUrl\",\n        \"sqs:GetQueueAttributes\",\n        \"sqs:DeleteMessage\",\n        \"sns:Subscribe\",\n        \"sns:SetSubscriptionAttributes\",\n        \"sns:Publish\",\n        \"sns:ListSubscriptionsByTopic\",\n        \"sns:GetTopicAttributes\",\n        \"sns:GetSubscriptionAttributes\",\n        \"ses:SendRawEmail\",\n        \"ses:SendEmail\",\n        \"s3:PutObjectTagging\",\n        \"s3:PutObject\",\n        \"s3:ListBucket\",\n        \"s3:GetObject\",\n        \"s3:GetBucketTagging\",\n        \"s3:DeleteObject\",\n        \"lambda:ListTags\",\n        \"batch:TerminateJob\",\n        \"batch:SubmitJob\",\n        \"batch:List*\",\n        \"batch:Describe*\",\n        \"batch:CancelJob\"\n      ],\n      \"Resource\": \"*\"\n    }\n  ]\n}",
            "minified_json": "{\"Version\":\"2012-10-17\",\"Statement\":[{\"Effect\":\"Allow\",\"Action\":[\"logs:PutLogEvents\",\"logs:CreateLogStream\",\"logs:CreateLogGroup\"],\"Resource\":\"arn:aws:logs:*:*:*\"},{\"Sid\":\"DoLambdaStuff\",\"Effect\":\"Allow\",\"Action\":[\"sqs:SendMessageBatch\",\"sqs:SendMessage\",\"sqs:ReceiveMessage\",\"sqs:ListQueues\",\"sqs:ListQueueTags\",\"sqs:GetQueueUrl\",\"sqs:GetQueueAttributes\",\"sqs:DeleteMessage\",\"sns:Subscribe\",\"sns:SetSubscriptionAttributes\",\"sns:Publish\",\"sns:ListSubscriptionsByTopic\",\"sns:GetTopicAttributes\",\"sns:GetSubscriptionAttributes\",\"ses:SendRawEmail\",\"ses:SendEmail\",\"s3:PutObjectTagging\",\"s3:PutObject\",\"s3:ListBucket\",\"s3:GetObject\",\"s3:GetBucketTagging\",\"s3:DeleteObject\",\"lambda:ListTags\",\"batch:TerminateJob\",\"batch:SubmitJob\",\"batch:List*\",\"batch:Describe*\",\"batch:CancelJob\"],\"Resource\":\"*\"}]}",
            "override_json": null,
            "override_policy_documents": null,
            "policy_id": null,
            "source_json": null,
            "source_policy_documents": null,
            "statement": [
              {
                "actions": [
                  "logs:CreateLogGroup",
                  "logs:CreateLogStream",
                  "logs:PutLogEvents"
                ],
                "condition": [],
                "effect": "Allow",
                "not_actions": [],
                "not_principals": [],
                "not_resources": [],
                "principals": [],
                "resources": [
                  "arn:aws:logs:*:*:*"
                ],
                "sid": ""
              },
              {
                "actions": [
                  "batch:CancelJob",
                  "batch:Describe*",
                  "batch:List*",
                  "batch:SubmitJob",
                  "batch:TerminateJob",
                  "lambda:ListTags",
                  "s3:DeleteObject",
                  "s3:GetBucketTagging",
                  "s3:GetObject",
                  "s3:ListBucket",
                  "s3:PutObject",
                  "s3:PutObjectTagging",
                  "ses:SendEmail",
                  "ses:SendRawEmail",
                  "sns:GetSubscriptionAttributes",
                  "sns:GetTopicAttributes",
                  "sns:ListSubscriptionsByTopic",
                  "sns:Publish",
                  "sns:SetSubscriptionAttributes",
                  "sns:Subscribe",
                  "sqs:DeleteMessage",
                  "sqs:GetQueueAttributes",
                  "sqs:GetQueueUrl",
                  "sqs:ListQueueTags",
                  "sqs:ListQueues",
                  "sqs:ReceiveMessage",
                  "sqs:SendMessage",
                  "sqs:SendMessageBatch"
                ],
                "condition": [],
                "effect": "Allow",
                "not_actions": [],
                "not_principals": [],
                "not_resources": [],
                "principals": [],
                "resources": [
                  "*"
                ],
                "sid": "DoLambdaStuff"
              }
            ],
            "version": "2012-10-17"
          },
          "sensitive_attributes": []
        }
      ]
    },
    {
      "module": "module.resources",
      "mode": "data",
      "type": "aws_iam_policy_document",
      "name": "sns-topic-policy",
      "provider": "provider[\"registry.terraform.io/hashicorp/aws\"]",
      "instances": [
        {
          "schema_version": 0,
          "attributes": {
            "id": "3300729417",
            "json": "{\n  \"Version\": \"2012-10-17\",\n  \"Id\": \"geonex-maas-prod-sns-watcher-policy\",\n  \"Statement\": [\n    {\n      \"Sid\": \"geonex-maas-sns-topic-statement-id\",\n      \"Effect\": \"Allow\",\n      \"Action\": \"SNS:Publish\",\n      \"Resource\": \"arn:aws:sns:us-east-1:058264225399:geonex-maas-prod-notifications\",\n      \"Principal\": {\n        \"AWS\": \"*\"\n      }\n    }\n  ]\n}",
            "minified_json": "{\"Version\":\"2012-10-17\",\"Id\":\"geonex-maas-prod-sns-watcher-policy\",\"Statement\":[{\"Sid\":\"geonex-maas-sns-topic-statement-id\",\"Effect\":\"Allow\",\"Action\":\"SNS:Publish\",\"Resource\":\"arn:aws:sns:us-east-1:058264225399:geonex-maas-prod-notifications\",\"Principal\":{\"AWS\":\"*\"}}]}",
            "override_json": null,
            "override_policy_documents": null,
            "policy_id": "geonex-maas-prod-sns-watcher-policy",
            "source_json": null,
            "source_policy_documents": null,
            "statement": [
              {
                "actions": [
                  "SNS:Publish"
                ],
                "condition": [],
                "effect": "Allow",
                "not_actions": [],
                "not_principals": [],
                "not_resources": [],
                "principals": [
                  {
                    "identifiers": [
                      "*"
                    ],
                    "type": "AWS"
                  }
                ],
                "resources": [
                  "arn:aws:sns:us-east-1:058264225399:geonex-maas-prod-notifications"
                ],
                "sid": "geonex-maas-sns-topic-statement-id"
              }
            ],
            "version": "2012-10-17"
          },
          "sensitive_attributes": []
        }
      ]
    },
    {
      "module": "module.resources",
      "mode": "data",
      "type": "aws_iam_policy_document",
      "name": "topic",
      "provider": "provider[\"registry.terraform.io/hashicorp/aws\"]",
      "instances": [
        {
          "schema_version": 0,
          "attributes": {
            "id": "891704695",
            "json": "{\n  \"Version\": \"2012-10-17\",\n  \"Statement\": [\n    {\n      \"Effect\": \"Allow\",\n      \"Action\": \"SNS:Publish\",\n      \"Resource\": \"arn:aws:sns:*:*:s3-event-notification-topic\",\n      \"Principal\": {\n        \"Service\": \"s3.amazonaws.com\"\n      },\n      \"Condition\": {\n        \"ArnLike\": {\n          \"aws:SourceArn\": \"arn:aws:s3:::geonex-maas-prod-codm\"\n        }\n      }\n    }\n  ]\n}",
            "minified_json": "{\"Version\":\"2012-10-17\",\"Statement\":[{\"Effect\":\"Allow\",\"Action\":\"SNS:Publish\",\"Resource\":\"arn:aws:sns:*:*:s3-event-notification-topic\",\"Principal\":{\"Service\":\"s3.amazonaws.com\"},\"Condition\":{\"ArnLike\":{\"aws:SourceArn\":\"arn:aws:s3:::geonex-maas-prod-codm\"}}}]}",
            "override_json": null,
            "override_policy_documents": null,
            "policy_id": null,
            "source_json": null,
            "source_policy_documents": null,
            "statement": [
              {
                "actions": [
                  "SNS:Publish"
                ],
                "condition": [
                  {
                    "test": "ArnLike",
                    "values": [
                      "arn:aws:s3:::geonex-maas-prod-codm"
                    ],
                    "variable": "aws:SourceArn"
                  }
                ],
                "effect": "Allow",
                "not_actions": [],
                "not_principals": [],
                "not_resources": [],
                "principals": [
                  {
                    "identifiers": [
                      "s3.amazonaws.com"
                    ],
                    "type": "Service"
                  }
                ],
                "resources": [
                  "arn:aws:sns:*:*:s3-event-notification-topic"
                ],
                "sid": ""
              }
            ],
            "version": "2012-10-17"
          },
          "sensitive_attributes": []
        }
      ]
    },
    {
      "module": "module.resources",
      "mode": "data",
      "type": "aws_region",
      "name": "current",
      "provider": "provider[\"registry.terraform.io/hashicorp/aws\"]",
      "instances": [
        {
          "schema_version": 0,
          "attributes": {
            "description": "US East (N. Virginia)",
            "endpoint": "ec2.us-east-1.amazonaws.com",
            "id": "us-east-1",
            "name": "us-east-1"
          },
          "sensitive_attributes": []
        }
      ]
    },
    {
      "module": "module.resources",
      "mode": "data",
      "type": "aws_ssm_parameter",
      "name": "ami",
      "provider": "provider[\"registry.terraform.io/hashicorp/aws\"]",
      "instances": [
        {
          "schema_version": 0,
          "attributes": {
            "arn": "arn:aws:ssm:us-east-1::parameter/aws/service/ecs/optimized-ami/amazon-linux-2/gpu/recommended",
            "id": "/aws/service/ecs/optimized-ami/amazon-linux-2/gpu/recommended",
            "insecure_value": "{\"ecs_agent_version\":\"1.85.2\",\"ecs_runtime_version\":\"Docker version 25.0.3\",\"image_id\":\"ami-02f4c76b327606629\",\"image_name\":\"amzn2-ami-ecs-gpu-hvm-2.0.20240725-x86_64-ebs\",\"image_version\":\"2.0.20240725\",\"os\":\"Amazon Linux 2\",\"schema_version\":1,\"source_image_name\":\"amzn2-ami-minimal-hvm-2.0.20240719.0-x86_64-ebs\"}",
            "name": "/aws/service/ecs/optimized-ami/amazon-linux-2/gpu/recommended",
            "type": "String",
            "value": "{\"ecs_agent_version\":\"1.85.2\",\"ecs_runtime_version\":\"Docker version 25.0.3\",\"image_id\":\"ami-02f4c76b327606629\",\"image_name\":\"amzn2-ami-ecs-gpu-hvm-2.0.20240725-x86_64-ebs\",\"image_version\":\"2.0.20240725\",\"os\":\"Amazon Linux 2\",\"schema_version\":1,\"source_image_name\":\"amzn2-ami-minimal-hvm-2.0.20240719.0-x86_64-ebs\"}",
            "version": 150,
            "with_decryption": true
          },
          "sensitive_attributes": [
            [
              {
                "type": "get_attr",
                "value": "value"
              }
            ]
          ]
        }
      ]
    },
    {
      "module": "module.resources",
      "mode": "managed",
      "type": "aws_batch_job_definition",
      "name": "batch-job-definition",
      "provider": "provider[\"registry.terraform.io/hashicorp/aws\"]",
      "instances": [
        {
          "schema_version": 0,
          "attributes": {
            "arn": "arn:aws:batch:us-east-1:058264225399:job-definition/geonex-maas-prod-job:1",
            "arn_prefix": "arn:aws:batch:us-east-1:058264225399:job-definition/geonex-maas-prod-job",
            "container_properties": "{\"command\":[\"sh\",\"-c\",\"/entry.sh\",\"Ref::bucketname\",\"Ref::collectname\",\"Ref::outputname\"],\"environment\":[{\"name\":\"S3_NAME\",\"value\":\"geonex-maas-prod-codm\"},{\"name\":\"AWS_REGION\",\"value\":\"us-east-1\"}],\"image\":\"058264225399.dkr.ecr.us-east-1.amazonaws.com/geonex-maas-prod-codm:latest\",\"logConfiguration\":{\"logDriver\":\"awslogs\",\"options\":{\"awslogs-group\":\"geonex-maas-prod-codm-batch\",\"awslogs-region\":\"us-east-1\"},\"secretOptions\":[]},\"memory\":32000,\"mountPoints\":[{\"containerPath\":\"/local\",\"readOnly\":false,\"sourceVolume\":\"local\"}],\"privileged\":true,\"resourceRequirements\":[{\"type\":\"GPU\",\"value\":\"1\"}],\"secrets\":[],\"ulimits\":[],\"vcpus\":16,\"volumes\":[{\"host\":{\"sourcePath\":\"/local\"},\"name\":\"local\"}]}",
            "deregister_on_new_revision": true,
            "eks_properties": [],
            "id": "arn:aws:batch:us-east-1:058264225399:job-definition/geonex-maas-prod-job:1",
            "name": "geonex-maas-prod-job",
            "node_properties": "",
            "parameters": {},
            "platform_capabilities": [],
            "propagate_tags": false,
            "retry_strategy": [
              {
                "attempts": 1,
                "evaluate_on_exit": []
              }
            ],
            "revision": 1,
            "scheduling_priority": 0,
            "tags": {},
            "tags_all": {},
            "timeout": [
              {
                "attempt_duration_seconds": 7200
              }
            ],
            "type": "container"
          },
          "sensitive_attributes": [],
          "private": "bnVsbA==",
          "dependencies": [
            "module.resources.aws_cloudwatch_log_group.cancel_lambda_log",
            "module.resources.aws_cloudwatch_log_group.dispatch_lambda_log",
            "module.resources.aws_ecr_repository.repo",
            "module.resources.aws_iam_role.batch-job-role",
            "module.resources.aws_iam_role.iam_role_for_lambda",
            "module.resources.aws_lambda_function.cancel_lambda_function",
            "module.resources.aws_lambda_function.dispatch_lambda_function",
            "module.resources.aws_lambda_layer_version.lambda_layer",
            "module.resources.aws_s3_bucket.storage",
            "module.resources.data.archive_file.lambda_layer_zip",
            "module.resources.data.archive_file.python_lambda_package",
            "module.resources.data.aws_caller_identity.current",
            "module.resources.data.aws_ecr_image.batch_ecr_image",
            "module.resources.data.aws_region.current",
            "module.resources.null_resource.ecr_image",
            "module.resources.null_resource.lambda_code",
            "module.resources.null_resource.pip_install"
          ]
        }
      ]
    },
    {
      "module": "module.resources",
      "mode": "managed",
      "type": "aws_cloudwatch_event_rule",
      "name": "batch-watch",
      "provider": "provider[\"registry.terraform.io/hashicorp/aws\"]",
      "instances": [
        {
          "schema_version": 1,
          "attributes": {
            "arn": "arn:aws:events:us-east-1:058264225399:rule/geonex-maas-batch-event-watcher",
            "description": "Watch for changes in given AWS Batch Queue",
            "event_bus_name": "default",
            "event_pattern": "{\"detail\":{\"parameters\":{\"bucketname\":[\"geonex-maas-prod-codm\"]},\"status\":[\"FAILED\",\"STARTING\",\"SUBMITTED\",\"SUCCEEDED\"]},\"detail-type\":[\"Batch Job State Change\"],\"source\":[\"aws.batch\"]}",
            "force_destroy": false,
            "id": "geonex-maas-batch-event-watcher",
            "is_enabled": true,
            "name": "geonex-maas-batch-event-watcher",
            "name_prefix": "",
            "role_arn": "",
            "schedule_expression": "",
            "state": "ENABLED",
            "tags": {},
            "tags_all": {}
          },
          "sensitive_attributes": [],
          "private": "eyJzY2hlbWFfdmVyc2lvbiI6IjEifQ=="
        }
      ]
    },
    {
      "module": "module.resources",
      "mode": "managed",
      "type": "aws_cloudwatch_event_target",
      "name": "event-sns-target",
      "provider": "provider[\"registry.terraform.io/hashicorp/aws\"]",
      "instances": [
        {
          "schema_version": 1,
          "attributes": {
            "arn": "arn:aws:lambda:us-east-1:058264225399:function:geonex-maas-prod-notify",
            "batch_target": [],
            "dead_letter_config": [],
            "ecs_target": [],
            "event_bus_name": "default",
            "force_destroy": false,
            "http_target": [],
            "id": "geonex-maas-batch-event-watcher-BatchTopic",
            "input": "",
            "input_path": "",
            "input_transformer": [],
            "kinesis_target": [],
            "redshift_target": [],
            "retry_policy": [],
            "role_arn": "",
            "rule": "geonex-maas-batch-event-watcher",
            "run_command_targets": [],
            "sagemaker_pipeline_target": [],
            "sqs_target": [],
            "target_id": "BatchTopic"
          },
          "sensitive_attributes": [],
          "private": "eyJzY2hlbWFfdmVyc2lvbiI6IjEifQ==",
          "dependencies": [
            "module.resources.aws_cloudwatch_event_rule.batch-watch",
            "module.resources.aws_cloudwatch_log_group.notify_lambda_log",
            "module.resources.aws_iam_role.iam_role_for_lambda",
            "module.resources.aws_lambda_function.notify_lambda_function",
            "module.resources.aws_lambda_layer_version.lambda_layer",
            "module.resources.data.archive_file.lambda_layer_zip",
            "module.resources.data.archive_file.python_lambda_package",
            "module.resources.null_resource.lambda_code",
            "module.resources.null_resource.pip_install"
          ]
        }
      ]
    },
    {
      "module": "module.resources",
      "mode": "managed",
      "type": "aws_cloudwatch_log_group",
      "name": "batch_logs",
      "provider": "provider[\"registry.terraform.io/hashicorp/aws\"]",
      "instances": [
        {
          "schema_version": 0,
          "attributes": {
            "arn": "arn:aws:logs:us-east-1:058264225399:log-group:geonex-maas-prod-codm-batch",
            "id": "geonex-maas-prod-codm-batch",
            "kms_key_id": "",
            "log_group_class": "STANDARD",
            "name": "geonex-maas-prod-codm-batch",
            "name_prefix": "",
            "retention_in_days": 30,
            "skip_destroy": false,
            "tags": {},
            "tags_all": {}
          },
          "sensitive_attributes": [],
          "private": "bnVsbA=="
        }
      ]
    },
    {
      "module": "module.resources",
      "mode": "managed",
      "type": "aws_cloudwatch_log_group",
      "name": "cancel_lambda_log",
      "provider": "provider[\"registry.terraform.io/hashicorp/aws\"]",
      "instances": [
        {
          "schema_version": 0,
          "attributes": {
            "arn": "arn:aws:logs:us-east-1:058264225399:log-group:/aws/lambda/geonex-maas-prod-cancel",
            "id": "/aws/lambda/geonex-maas-prod-cancel",
            "kms_key_id": "",
            "log_group_class": "STANDARD",
            "name": "/aws/lambda/geonex-maas-prod-cancel",
            "name_prefix": "",
            "retention_in_days": 14,
            "skip_destroy": false,
            "tags": {},
            "tags_all": {}
          },
          "sensitive_attributes": [],
          "private": "bnVsbA=="
        }
      ]
    },
    {
      "module": "module.resources",
      "mode": "managed",
      "type": "aws_cloudwatch_log_group",
      "name": "dispatch_lambda_log",
      "provider": "provider[\"registry.terraform.io/hashicorp/aws\"]",
      "instances": [
        {
          "schema_version": 0,
          "attributes": {
            "arn": "arn:aws:logs:us-east-1:058264225399:log-group:/aws/lambda/geonex-maas-prod-dispatch",
            "id": "/aws/lambda/geonex-maas-prod-dispatch",
            "kms_key_id": "",
            "log_group_class": "STANDARD",
            "name": "/aws/lambda/geonex-maas-prod-dispatch",
            "name_prefix": "",
            "retention_in_days": 14,
            "skip_destroy": false,
            "tags": {},
            "tags_all": {}
          },
          "sensitive_attributes": [],
          "private": "bnVsbA=="
        }
      ]
    },
    {
      "module": "module.resources",
      "mode": "managed",
      "type": "aws_cloudwatch_log_group",
      "name": "notify_lambda_log",
      "provider": "provider[\"registry.terraform.io/hashicorp/aws\"]",
      "instances": [
        {
          "schema_version": 0,
          "attributes": {
            "arn": "arn:aws:logs:us-east-1:058264225399:log-group:/aws/lambda/geonex-maas-prod-notify",
            "id": "/aws/lambda/geonex-maas-prod-notify",
            "kms_key_id": "",
            "log_group_class": "STANDARD",
            "name": "/aws/lambda/geonex-maas-prod-notify",
            "name_prefix": "",
            "retention_in_days": 14,
            "skip_destroy": false,
            "tags": {},
            "tags_all": {}
          },
          "sensitive_attributes": [],
          "private": "bnVsbA=="
        }
      ]
    },
    {
      "module": "module.resources",
      "mode": "managed",
      "type": "aws_ecr_repository",
      "name": "repo",
      "provider": "provider[\"registry.terraform.io/hashicorp/aws\"]",
      "instances": [
        {
          "schema_version": 0,
          "attributes": {
            "arn": "arn:aws:ecr:us-east-1:058264225399:repository/geonex-maas-prod-codm",
            "encryption_configuration": [
              {
                "encryption_type": "AES256",
                "kms_key": ""
              }
            ],
            "force_delete": true,
            "id": "geonex-maas-prod-codm",
            "image_scanning_configuration": [
              {
                "scan_on_push": false
              }
            ],
            "image_tag_mutability": "MUTABLE",
            "name": "geonex-maas-prod-codm",
            "registry_id": "058264225399",
            "repository_url": "058264225399.dkr.ecr.us-east-1.amazonaws.com/geonex-maas-prod-codm",
            "tags": {},
            "tags_all": {},
            "timeouts": null
          },
          "sensitive_attributes": [],
          "private": "eyJlMmJmYjczMC1lY2FhLTExZTYtOGY4OC0zNDM2M2JjN2M0YzAiOnsiZGVsZXRlIjoxMjAwMDAwMDAwMDAwfX0="
        }
      ]
    },
    {
      "module": "module.resources",
      "mode": "managed",
      "type": "aws_iam_instance_profile",
      "name": "batch-instance-profile",
      "provider": "provider[\"registry.terraform.io/hashicorp/aws\"]",
      "instances": [
        {
          "schema_version": 0,
          "attributes": {
            "arn": "arn:aws:iam::058264225399:instance-profile/geonex-maas-BatchInstanceProfile",
            "create_date": "2024-08-01T13:36:50Z",
            "id": "geonex-maas-BatchInstanceProfile",
            "name": "geonex-maas-BatchInstanceProfile",
            "name_prefix": "",
            "path": "/",
            "role": "geonex-maas-BatchInstanceProfileRole",
            "tags": {},
            "tags_all": {},
            "unique_id": "AIPAQ3EGRQZ3TFIBIUBPY"
          },
          "sensitive_attributes": [],
          "private": "bnVsbA==",
          "dependencies": [
            "module.resources.aws_iam_role.batch-instance-profile-role"
          ]
        }
      ]
    },
    {
      "module": "module.resources",
      "mode": "managed",
      "type": "aws_iam_policy",
      "name": "batch-service-policy",
      "provider": "provider[\"registry.terraform.io/hashicorp/aws\"]",
      "instances": [
        {
          "schema_version": 0,
          "attributes": {
            "arn": "arn:aws:iam::058264225399:policy/geonex-maas-LandrushBatchServicePolicy",
            "attachment_count": 2,
            "description": "",
            "id": "arn:aws:iam::058264225399:policy/geonex-maas-LandrushBatchServicePolicy",
            "name": "geonex-maas-LandrushBatchServicePolicy",
            "name_prefix": "",
            "path": "/",
            "policy": "{\"Statement\":[{\"Action\":[\"ec2:DescribeAccountAttributes\",\"ec2:DescribeInstances\",\"ec2:DescribeInstanceAttribute\",\"ec2:DescribeSubnets\",\"ec2:DescribeSecurityGroups\",\"ec2:DescribeKeyPairs\",\"ec2:DescribeImages\",\"ec2:DescribeImageAttribute\",\"ec2:DescribeSpotInstanceRequests\",\"ec2:DescribeSpotFleetInstances\",\"ec2:DescribeSpotFleetRequests\",\"ec2:DescribeSpotPriceHistory\",\"ec2:DescribeVpcClassicLink\",\"ec2:DescribeLaunchTemplateVersions\",\"ec2:CreateLaunchTemplate\",\"ec2:DeleteLaunchTemplate\",\"ec2:RequestSpotFleet\",\"ec2:CancelSpotFleetRequests\",\"ec2:ModifySpotFleetRequest\",\"ec2:TerminateInstances\",\"ec2:RunInstances\",\"autoscaling:DescribeAccountLimits\",\"autoscaling:DescribeAutoScalingGroups\",\"autoscaling:DescribeLaunchConfigurations\",\"autoscaling:DescribeAutoScalingInstances\",\"autoscaling:CreateLaunchConfiguration\",\"autoscaling:CreateAutoScalingGroup\",\"autoscaling:UpdateAutoScalingGroup\",\"autoscaling:SetDesiredCapacity\",\"autoscaling:DeleteLaunchConfiguration\",\"autoscaling:DeleteAutoScalingGroup\",\"autoscaling:CreateOrUpdateTags\",\"autoscaling:SuspendProcesses\",\"autoscaling:PutNotificationConfiguration\",\"autoscaling:TerminateInstanceInAutoScalingGroup\",\"ecs:DescribeClusters\",\"ecs:DescribeContainerInstances\",\"ecs:DescribeTaskDefinition\",\"ecs:DescribeTasks\",\"ecs:ListClusters\",\"ecs:ListContainerInstances\",\"ecs:ListTaskDefinitionFamilies\",\"ecs:ListTaskDefinitions\",\"ecs:ListTasks\",\"ecs:CreateCluster\",\"ecs:DeleteCluster\",\"ecs:RegisterTaskDefinition\",\"ecs:DeregisterTaskDefinition\",\"ecs:RunTask\",\"ecs:StartTask\",\"ecs:StopTask\",\"ecs:UpdateContainerAgent\",\"ecs:DeregisterContainerInstance\",\"logs:CreateLogGroup\",\"logs:CreateLogStream\",\"logs:PutLogEvents\",\"logs:DescribeLogGroups\",\"iam:GetInstanceProfile\",\"iam:GetRole\"],\"Effect\":\"Allow\",\"Resource\":[\"*\"]},{\"Action\":\"iam:PassRole\",\"Condition\":{\"StringEquals\":{\"iam:PassedToService\":[\"ec2.amazonaws.com\",\"ecs-tasks.amazonaws.com\"]}},\"Effect\":\"Allow\",\"Resource\":[\"*\"]},{\"Action\":\"iam:CreateServiceLinkedRole\",\"Condition\":{\"StringEquals\":{\"iam:AWSServiceName\":[\"spot.amazonaws.com\",\"spotfleet.amazonaws.com\",\"autoscaling.amazonaws.com\",\"ecs.amazonaws.com\"]}},\"Effect\":\"Allow\",\"Resource\":[\"*\"]},{\"Action\":[\"ec2:CreateTags\"],\"Condition\":{\"StringEquals\":{\"ec2:CreateAction\":\"RunInstances\"}},\"Effect\":\"Allow\",\"Resource\":[\"*\"]}],\"Version\":\"2012-10-17\"}",
            "policy_id": "ANPAQ3EGRQZ3TJXJKHGXI",
            "tags": {},
            "tags_all": {}
          },
          "sensitive_attributes": [],
          "private": "bnVsbA=="
        }
      ]
    },
    {
      "module": "module.resources",
      "mode": "managed",
      "type": "aws_iam_policy",
      "name": "batch-spot-fleet-policy",
      "provider": "provider[\"registry.terraform.io/hashicorp/aws\"]",
      "instances": [
        {
          "schema_version": 0,
          "attributes": {
            "arn": "arn:aws:iam::058264225399:policy/geonex-maas-LandrushBatchSpotFleetPolicy",
            "attachment_count": 1,
            "description": "",
            "id": "arn:aws:iam::058264225399:policy/geonex-maas-LandrushBatchSpotFleetPolicy",
            "name": "geonex-maas-LandrushBatchSpotFleetPolicy",
            "name_prefix": "",
            "path": "/",
            "policy": "{\"Statement\":[{\"Action\":[\"ec2:DescribeImages\",\"ec2:DescribeSubnets\",\"ec2:RequestSpotInstances\",\"ec2:TerminateInstances\",\"ec2:DescribeInstanceStatus\",\"ec2:CreateTags\",\"ec2:RunInstances\"],\"Effect\":\"Allow\",\"Resource\":[\"*\"]},{\"Action\":\"iam:PassRole\",\"Condition\":{\"StringEquals\":{\"iam:PassedToService\":[\"ec2.amazonaws.com\",\"ec2.amazonaws.com.cn\"]}},\"Effect\":\"Allow\",\"Resource\":[\"*\"]},{\"Action\":[\"elasticloadbalancing:RegisterInstancesWithLoadBalancer\"],\"Effect\":\"Allow\",\"Resource\":[\"arn:aws:elasticloadbalancing:*:*:loadbalancer/*\"]},{\"Action\":[\"elasticloadbalancing:RegisterTargets\"],\"Effect\":\"Allow\",\"Resource\":[\"arn:aws:elasticloadbalancing:*:*:*/*\"]}],\"Version\":\"2012-10-17\"}",
            "policy_id": "ANPAQ3EGRQZ3U5LE5FWZ3",
            "tags": {},
            "tags_all": {}
          },
          "sensitive_attributes": [],
          "private": "bnVsbA=="
        }
      ]
    },
    {
      "module": "module.resources",
      "mode": "managed",
      "type": "aws_iam_policy",
      "name": "ecs-full-access",
      "provider": "provider[\"registry.terraform.io/hashicorp/aws\"]",
      "instances": [
        {
          "schema_version": 0,
          "attributes": {
            "arn": "arn:aws:iam::058264225399:policy/geonex-maas-EcsFullAccess",
            "attachment_count": 1,
            "description": "",
            "id": "arn:aws:iam::058264225399:policy/geonex-maas-EcsFullAccess",
            "name": "geonex-maas-EcsFullAccess",
            "name_prefix": "",
            "path": "/",
            "policy": "{\"Statement\":[{\"Action\":[\"ec2:DescribeAccountAttributes\",\"ec2:DescribeInstances\",\"ec2:DescribeInstanceStatus\",\"ec2:DescribeInstanceAttribute\",\"ec2:DescribeSubnets\",\"ec2:DescribeSecurityGroups\",\"ec2:DescribeKeyPairs\",\"ec2:DescribeImages\",\"ec2:DescribeImageAttribute\",\"ec2:DescribeSpotInstanceRequests\",\"ec2:DescribeSpotFleetInstances\",\"ec2:DescribeSpotFleetRequests\",\"ec2:DescribeSpotPriceHistory\",\"ec2:DescribeVpcClassicLink\",\"ec2:DescribeLaunchTemplateVersions\",\"ec2:RequestSpotFleet\",\"autoscaling:DescribeAccountLimits\",\"autoscaling:DescribeAutoScalingGroups\",\"autoscaling:DescribeLaunchConfigurations\",\"autoscaling:DescribeAutoScalingInstances\",\"eks:DescribeCluster\",\"ecs:DescribeClusters\",\"ecs:DescribeContainerInstances\",\"ecs:DescribeTaskDefinition\",\"ecs:DescribeTasks\",\"ecs:ListClusters\",\"ecs:ListContainerInstances\",\"ecs:ListTaskDefinitionFamilies\",\"ecs:ListTaskDefinitions\",\"ecs:ListTasks\",\"ecs:DeregisterTaskDefinition\",\"ecs:TagResource\",\"ecs:ListAccountSettings\",\"logs:DescribeLogGroups\",\"iam:GetInstanceProfile\",\"iam:GetRole\"],\"Effect\":\"Allow\",\"Resource\":\"*\"},{\"Action\":[\"logs:CreateLogGroup\",\"logs:CreateLogStream\"],\"Effect\":\"Allow\",\"Resource\":\"arn:aws:logs:*:*:log-group:/aws/batch/job*\"},{\"Action\":[\"logs:PutLogEvents\"],\"Effect\":\"Allow\",\"Resource\":\"arn:aws:logs:*:*:log-group:/aws/batch/job*:log-stream:*\"},{\"Action\":[\"autoscaling:CreateOrUpdateTags\"],\"Condition\":{\"Null\":{\"aws:RequestTag/AWSBatchServiceTag\":\"false\"}},\"Effect\":\"Allow\",\"Resource\":\"*\"},{\"Action\":\"iam:PassRole\",\"Condition\":{\"StringEquals\":{\"iam:PassedToService\":[\"ec2.amazonaws.com\",\"ec2.amazonaws.com.cn\",\"ecs-tasks.amazonaws.com\"]}},\"Effect\":\"Allow\",\"Resource\":[\"*\"]},{\"Action\":\"iam:CreateServiceLinkedRole\",\"Condition\":{\"StringEquals\":{\"iam:AWSServiceName\":[\"spot.amazonaws.com\",\"spotfleet.amazonaws.com\",\"autoscaling.amazonaws.com\",\"ecs.amazonaws.com\"]}},\"Effect\":\"Allow\",\"Resource\":\"*\"},{\"Action\":[\"ec2:CreateLaunchTemplate\"],\"Condition\":{\"Null\":{\"aws:RequestTag/AWSBatchServiceTag\":\"false\"}},\"Effect\":\"Allow\",\"Resource\":\"*\"},{\"Action\":[\"ec2:TerminateInstances\",\"ec2:CancelSpotFleetRequests\",\"ec2:ModifySpotFleetRequest\",\"ec2:DeleteLaunchTemplate\"],\"Condition\":{\"Null\":{\"aws:ResourceTag/AWSBatchServiceTag\":\"false\"}},\"Effect\":\"Allow\",\"Resource\":\"*\"},{\"Action\":[\"autoscaling:CreateLaunchConfiguration\",\"autoscaling:DeleteLaunchConfiguration\"],\"Effect\":\"Allow\",\"Resource\":\"arn:aws:autoscaling:*:*:launchConfiguration:*:launchConfigurationName/AWSBatch*\"},{\"Action\":[\"autoscaling:CreateAutoScalingGroup\",\"autoscaling:UpdateAutoScalingGroup\",\"autoscaling:SetDesiredCapacity\",\"autoscaling:DeleteAutoScalingGroup\",\"autoscaling:SuspendProcesses\",\"autoscaling:PutNotificationConfiguration\",\"autoscaling:TerminateInstanceInAutoScalingGroup\"],\"Effect\":\"Allow\",\"Resource\":\"arn:aws:autoscaling:*:*:autoScalingGroup:*:autoScalingGroupName/AWSBatch*\"},{\"Action\":[\"ecs:DeleteCluster\",\"ecs:DeregisterContainerInstance\",\"ecs:RunTask\",\"ecs:StartTask\",\"ecs:StopTask\"],\"Effect\":\"Allow\",\"Resource\":\"arn:aws:ecs:*:*:cluster/AWSBatch*\"},{\"Action\":[\"ecs:RunTask\",\"ecs:StartTask\",\"ecs:StopTask\"],\"Effect\":\"Allow\",\"Resource\":\"arn:aws:ecs:*:*:task-definition/*\"},{\"Action\":[\"ecs:StopTask\"],\"Effect\":\"Allow\",\"Resource\":\"arn:aws:ecs:*:*:task/*/*\"},{\"Action\":[\"ecs:CreateCluster\",\"ecs:RegisterTaskDefinition\"],\"Condition\":{\"Null\":{\"aws:RequestTag/AWSBatchServiceTag\":\"false\"}},\"Effect\":\"Allow\",\"Resource\":\"*\"},{\"Action\":\"ec2:RunInstances\",\"Effect\":\"Allow\",\"Resource\":[\"arn:aws:ec2:*::image/*\",\"arn:aws:ec2:*::snapshot/*\",\"arn:aws:ec2:*:*:subnet/*\",\"arn:aws:ec2:*:*:network-interface/*\",\"arn:aws:ec2:*:*:security-group/*\",\"arn:aws:ec2:*:*:volume/*\",\"arn:aws:ec2:*:*:key-pair/*\",\"arn:aws:ec2:*:*:launch-template/*\",\"arn:aws:ec2:*:*:placement-group/*\",\"arn:aws:ec2:*:*:capacity-reservation/*\",\"arn:aws:ec2:*:*:elastic-gpu/*\",\"arn:aws:elastic-inference:*:*:elastic-inference-accelerator/*\",\"arn:aws:resource-groups:*:*:group/*\"]},{\"Action\":\"ec2:RunInstances\",\"Condition\":{\"Null\":{\"aws:RequestTag/AWSBatchServiceTag\":\"false\"}},\"Effect\":\"Allow\",\"Resource\":\"arn:aws:ec2:*:*:instance/*\"},{\"Action\":[\"ec2:CreateTags\"],\"Condition\":{\"StringEquals\":{\"ec2:CreateAction\":[\"RunInstances\",\"CreateLaunchTemplate\",\"RequestSpotFleet\"]}},\"Effect\":\"Allow\",\"Resource\":[\"*\"]}],\"Version\":\"2012-10-17\"}",
            "policy_id": "ANPAQ3EGRQZ3VPLI3S3IG",
            "tags": {},
            "tags_all": {}
          },
          "sensitive_attributes": [],
          "private": "bnVsbA=="
        }
      ]
    },
    {
      "module": "module.resources",
      "mode": "managed",
      "type": "aws_iam_policy",
      "name": "ecs-task-execution",
      "provider": "provider[\"registry.terraform.io/hashicorp/aws\"]",
      "instances": [
        {
          "schema_version": 0,
          "attributes": {
            "arn": "arn:aws:iam::058264225399:policy/geonex-maas-EcsTaskExecutionPolicy",
            "attachment_count": 1,
            "description": "",
            "id": "arn:aws:iam::058264225399:policy/geonex-maas-EcsTaskExecutionPolicy",
            "name": "geonex-maas-EcsTaskExecutionPolicy",
            "name_prefix": "",
            "path": "/",
            "policy": "{\"Statement\":[{\"Action\":[\"ecr:GetAuthorizationToken\",\"ecr:BatchCheckLayerAvailability\",\"ecr:GetDownloadUrlForLayer\",\"ecr:BatchGetImage\",\"logs:CreateLogStream\",\"logs:PutLogEvents\"],\"Effect\":\"Allow\",\"Resource\":[\"*\"]}],\"Version\":\"2012-10-17\"}",
            "policy_id": "ANPAQ3EGRQZ3ZXNX3ZFLB",
            "tags": {},
            "tags_all": {}
          },
          "sensitive_attributes": [],
          "private": "bnVsbA=="
        }
      ]
    },
    {
      "module": "module.resources",
      "mode": "managed",
      "type": "aws_iam_policy",
      "name": "iam_for_lambda",
      "provider": "provider[\"registry.terraform.io/hashicorp/aws\"]",
      "instances": [
        {
          "schema_version": 0,
          "attributes": {
            "arn": "arn:aws:iam::058264225399:policy/geonex-maas-lambda-policy",
            "attachment_count": 0,
            "description": "",
            "id": "arn:aws:iam::058264225399:policy/geonex-maas-lambda-policy",
            "name": "geonex-maas-lambda-policy",
            "name_prefix": "",
            "path": "/",
            "policy": "{\"Statement\":[{\"Action\":[\"logs:PutLogEvents\",\"logs:CreateLogStream\",\"logs:CreateLogGroup\"],\"Effect\":\"Allow\",\"Resource\":\"*\",\"Sid\":\"CreateCloudWatchLogs\"},{\"Action\":[\"sqs:SendMessageBatch\",\"sqs:SendMessage\",\"sqs:ReceiveMessage\",\"sqs:ListQueues\",\"sqs:ListQueueTags\",\"sqs:GetQueueUrl\",\"sqs:GetQueueAttributes\",\"sqs:DeleteMessage\",\"sns:Subscribe\",\"sns:SetSubscriptionAttributes\",\"sns:Publish\",\"sns:ListSubscriptionsByTopic\",\"sns:GetTopicAttributes\",\"sns:GetSubscriptionAttributes\",\"ses:SendRawEmail\",\"ses:SendEmail\",\"s3:PutObjectTagging\",\"s3:PutObject\",\"s3:ListBucket\",\"s3:GetObject\",\"s3:GetBucketTagging\",\"s3:DeleteObject\",\"lambda:ListTags\",\"batch:TerminateJob\",\"batch:SubmitJob\",\"batch:List*\",\"batch:Describe*\",\"batch:CancelJob\"],\"Effect\":\"Allow\",\"Resource\":\"*\",\"Sid\":\"DoLambdaStuff\"},{\"Action\":\"s3:Get*\",\"Effect\":\"Allow\",\"Resource\":[\"arn:aws:s3:::geonex-maas-prod-codm/*\",\"arn:aws:s3:::geonex-maas-prod-codm\"],\"Sid\":\"reads3\"}],\"Version\":\"2012-10-17\"}",
            "policy_id": "ANPAQ3EGRQZ33NDEBIVAR",
            "tags": {},
            "tags_all": {}
          },
          "sensitive_attributes": [],
          "private": "bnVsbA==",
          "dependencies": [
            "module.resources.data.aws_iam_policy_document.iam_for_lambda_policy_document"
          ]
        }
      ]
    },
    {
      "module": "module.resources",
      "mode": "managed",
      "type": "aws_iam_policy",
      "name": "lambda_logging_policy",
      "provider": "provider[\"registry.terraform.io/hashicorp/aws\"]",
      "instances": [
        {
          "schema_version": 0,
          "attributes": {
            "arn": "arn:aws:iam::058264225399:policy/lambda_logging",
            "attachment_count": 1,
            "description": "IAM policy for logging from a lambda",
            "id": "arn:aws:iam::058264225399:policy/lambda_logging",
            "name": "lambda_logging",
            "name_prefix": "",
            "path": "/",
            "policy": "{\"Statement\":[{\"Action\":[\"logs:PutLogEvents\",\"logs:CreateLogStream\",\"logs:CreateLogGroup\"],\"Effect\":\"Allow\",\"Resource\":\"arn:aws:logs:*:*:*\"},{\"Action\":[\"sqs:SendMessageBatch\",\"sqs:SendMessage\",\"sqs:ReceiveMessage\",\"sqs:ListQueues\",\"sqs:ListQueueTags\",\"sqs:GetQueueUrl\",\"sqs:GetQueueAttributes\",\"sqs:DeleteMessage\",\"sns:Subscribe\",\"sns:SetSubscriptionAttributes\",\"sns:Publish\",\"sns:ListSubscriptionsByTopic\",\"sns:GetTopicAttributes\",\"sns:GetSubscriptionAttributes\",\"ses:SendRawEmail\",\"ses:SendEmail\",\"s3:PutObjectTagging\",\"s3:PutObject\",\"s3:ListBucket\",\"s3:GetObject\",\"s3:GetBucketTagging\",\"s3:DeleteObject\",\"lambda:ListTags\",\"batch:TerminateJob\",\"batch:SubmitJob\",\"batch:List*\",\"batch:Describe*\",\"batch:CancelJob\"],\"Effect\":\"Allow\",\"Resource\":\"*\",\"Sid\":\"DoLambdaStuff\"}],\"Version\":\"2012-10-17\"}",
            "policy_id": "ANPAQ3EGRQZ3XKRV3MMPV",
            "tags": {},
            "tags_all": {}
          },
          "sensitive_attributes": [],
          "private": "bnVsbA==",
          "dependencies": [
            "module.resources.data.aws_iam_policy_document.lambda_logging_document"
          ]
        }
      ]
    },
    {
      "module": "module.resources",
      "mode": "managed",
      "type": "aws_iam_policy",
      "name": "operating-policy",
      "provider": "provider[\"registry.terraform.io/hashicorp/aws\"]",
      "instances": [
        {
          "schema_version": 0,
          "attributes": {
            "arn": "arn:aws:iam::058264225399:policy/geonex-maas-LandrushEc2OperatingPolicy",
            "attachment_count": 1,
            "description": "",
            "id": "arn:aws:iam::058264225399:policy/geonex-maas-LandrushEc2OperatingPolicy",
            "name": "geonex-maas-LandrushEc2OperatingPolicy",
            "name_prefix": "",
            "path": "/",
            "policy": "{\"Statement\":[{\"Action\":[\"ec2:*\"],\"Effect\":\"Allow\",\"Resource\":[\"*\"]},{\"Action\":[\"logs:CreateLogGroup\",\"logs:CreateLogStream\",\"logs:DescribeLogStreams\",\"logs:PutLogEvents\"],\"Effect\":\"Allow\",\"Resource\":[\"*\"]},{\"Action\":[\"s3:DeleteObject\",\"s3:GetObject\",\"s3:GetObjectTagging\",\"s3:ListBucket\",\"s3:ListBucketVersions\",\"s3:PutObject\",\"s3:PutObjectTagging\"],\"Effect\":\"Allow\",\"Resource\":[\"arn:aws:s3:::geonex-maas-prod-codm/*\"]},{\"Action\":[\"s3:ListBucket\",\"s3:ListBucketVersions\"],\"Effect\":\"Allow\",\"Resource\":[\"arn:aws:s3:::geonex-maas-prod-codm\"]},{\"Action\":[\"iam:CreateServiceLinkedRole\"],\"Condition\":{\"StringEquals\":{\"iam:AWSServiceName\":[\"autoscaling.amazonaws.com\",\"ec2scheduled.amazonaws.com\",\"elasticloadbalancing.amazonaws.com\",\"spot.amazonaws.com\",\"spotfleet.amazonaws.com\",\"transitgateway.amazonaws.com\"]}},\"Effect\":\"Allow\",\"Resource\":[\"*\"]}],\"Version\":\"2012-10-17\"}",
            "policy_id": "ANPAQ3EGRQZ3WQBQMVTLH",
            "tags": {},
            "tags_all": {}
          },
          "sensitive_attributes": [],
          "private": "bnVsbA==",
          "dependencies": [
            "module.resources.aws_cloudwatch_log_group.cancel_lambda_log",
            "module.resources.aws_cloudwatch_log_group.dispatch_lambda_log",
            "module.resources.aws_iam_role.iam_role_for_lambda",
            "module.resources.aws_lambda_function.cancel_lambda_function",
            "module.resources.aws_lambda_function.dispatch_lambda_function",
            "module.resources.aws_lambda_layer_version.lambda_layer",
            "module.resources.aws_s3_bucket.storage",
            "module.resources.data.archive_file.lambda_layer_zip",
            "module.resources.data.archive_file.python_lambda_package",
            "module.resources.null_resource.lambda_code",
            "module.resources.null_resource.pip_install"
          ]
        }
      ]
    },
    {
      "module": "module.resources",
      "mode": "managed",
      "type": "aws_iam_policy",
      "name": "sqs-full-access",
      "provider": "provider[\"registry.terraform.io/hashicorp/aws\"]",
      "instances": [
        {
          "schema_version": 0,
          "attributes": {
            "arn": "arn:aws:iam::058264225399:policy/geonex-maas-SqsFullAccess",
            "attachment_count": 1,
            "description": "",
            "id": "arn:aws:iam::058264225399:policy/geonex-maas-SqsFullAccess",
            "name": "geonex-maas-SqsFullAccess",
            "name_prefix": "",
            "path": "/",
            "policy": "{\"Statement\":[{\"Action\":[\"sqs:*\"],\"Effect\":\"Allow\",\"Resource\":[\"*\"]}],\"Version\":\"2012-10-17\"}",
            "policy_id": "ANPAQ3EGRQZ3SLBLEQ3JF",
            "tags": {},
            "tags_all": {}
          },
          "sensitive_attributes": [],
          "private": "bnVsbA=="
        }
      ]
    },
    {
      "module": "module.resources",
      "mode": "managed",
      "type": "aws_iam_role",
      "name": "batch-instance-profile-role",
      "provider": "provider[\"registry.terraform.io/hashicorp/aws\"]",
      "instances": [
        {
          "schema_version": 0,
          "attributes": {
            "arn": "arn:aws:iam::058264225399:role/geonex-maas-BatchInstanceProfileRole",
            "assume_role_policy": "{\"Statement\":[{\"Action\":\"sts:AssumeRole\",\"Effect\":\"Allow\",\"Principal\":{\"Service\":\"ec2.amazonaws.com\"}},{\"Action\":\"sts:AssumeRole\",\"Effect\":\"Allow\",\"Principal\":{\"Service\":\"batchoperations.s3.amazonaws.com\"}}],\"Version\":\"2012-10-17\"}",
            "create_date": "2024-08-01T13:36:49Z",
            "description": "",
            "force_detach_policies": false,
            "id": "geonex-maas-BatchInstanceProfileRole",
            "inline_policy": [
              {
                "name": "geonex-maas-CloudWatchLogsAccess",
                "policy": "{\"Version\":\"2012-10-17\",\"Statement\":[{\"Action\":[\"logs:*\"],\"Effect\":\"Allow\",\"Resource\":[\"*\"]}]}"
              },
              {
                "name": "geonex-maas-Ec2ContainerServiceStuff",
                "policy": "{\"Version\":\"2012-10-17\",\"Statement\":[{\"Action\":[\"ecs:CreateCluster\",\"ecs:DeregisterContainerInstance\",\"ecs:DiscoverPollEndpoint\",\"ecs:Poll\",\"ecs:RegisterContainerInstance\",\"ecs:StartTelemetrySession\",\"ecs:UpdateContainerInstancesState\",\"ecs:Submit*\",\"ecr:GetAuthorizationToken\",\"ecr:BatchCheckLayerAvailability\",\"ecr:GetDownloadUrlForLayer\",\"ecr:BatchGetImage\",\"logs:CreateLogStream\",\"logs:PutLogEvents\"],\"Effect\":\"Allow\",\"Resource\":[\"*\"]}]}"
              },
              {
                "name": "geonex-maas-EcrFullAccess",
                "policy": "{\"Version\":\"2012-10-17\",\"Statement\":[{\"Action\":[\"ecr:*\",\"cloudtrail:LookupEvents\"],\"Effect\":\"Allow\",\"Resource\":[\"*\"]}]}"
              },
              {
                "name": "geonex-maas-EcsFullAccess",
                "policy": "{\"Version\":\"2012-10-17\",\"Statement\":[{\"Action\":[\"application-autoscaling:DeleteScalingPolicy\",\"application-autoscaling:DeregisterScalableTarget\",\"application-autoscaling:DescribeScalableTargets\",\"application-autoscaling:DescribeScalingActivities\",\"application-autoscaling:DescribeScalingPolicies\",\"application-autoscaling:PutScalingPolicy\",\"application-autoscaling:RegisterScalableTarget\",\"autoscaling:UpdateAutoScalingGroup\",\"autoscaling:CreateAutoScalingGroup\",\"autoscaling:CreateLaunchConfiguration\",\"autoscaling:DeleteAutoScalingGroup\",\"autoscaling:DeleteLaunchConfiguration\",\"autoscaling:Describe*\",\"cloudformation:CreateStack\",\"cloudformation:DeleteStack\",\"cloudformation:DescribeStack*\",\"cloudformation:UpdateStack\",\"cloudwatch:DescribeAlarms\",\"cloudwatch:DeleteAlarms\",\"cloudwatch:GetMetricStatistics\",\"cloudwatch:PutMetricAlarm\",\"codedeploy:CreateApplication\",\"codedeploy:CreateDeployment\",\"codedeploy:CreateDeploymentGroup\",\"codedeploy:GetApplication\",\"codedeploy:GetDeployment\",\"codedeploy:GetDeploymentGroup\",\"codedeploy:ListApplications\",\"codedeploy:ListDeploymentGroups\",\"codedeploy:ListDeployments\",\"codedeploy:StopDeployment\",\"codedeploy:GetDeploymentTarget\",\"codedeploy:ListDeploymentTargets\",\"codedeploy:GetDeploymentConfig\",\"codedeploy:GetApplicationRevision\",\"codedeploy:RegisterApplicationRevision\",\"codedeploy:BatchGetApplicationRevisions\",\"codedeploy:BatchGetDeploymentGroups\",\"codedeploy:BatchGetDeployments\",\"codedeploy:BatchGetApplications\",\"codedeploy:ListApplicationRevisions\",\"codedeploy:ListDeploymentConfigs\",\"codedeploy:ContinueDeployment\",\"sns:ListTopics\",\"lambda:ListFunctions\",\"ec2:AssociateRouteTable\",\"ec2:AttachInternetGateway\",\"ec2:AuthorizeSecurityGroupIngress\",\"ec2:CancelSpotFleetRequests\",\"ec2:CreateInternetGateway\",\"ec2:CreateLaunchTemplate\",\"ec2:CreateRoute\",\"ec2:CreateRouteTable\",\"ec2:CreateSecurityGroup\",\"ec2:CreateSubnet\",\"ec2:CreateVpc\",\"ec2:DeleteLaunchTemplate\",\"ec2:DeleteSubnet\",\"ec2:DeleteVpc\",\"ec2:Describe*\",\"ec2:DetachInternetGateway\",\"ec2:DisassociateRouteTable\",\"ec2:ModifySubnetAttribute\",\"ec2:ModifyVpcAttribute\",\"ec2:RunInstances\",\"ec2:RequestSpotFleet\",\"elasticloadbalancing:CreateListener\",\"elasticloadbalancing:CreateLoadBalancer\",\"elasticloadbalancing:CreateRule\",\"elasticloadbalancing:CreateTargetGroup\",\"elasticloadbalancing:DeleteListener\",\"elasticloadbalancing:DeleteLoadBalancer\",\"elasticloadbalancing:DeleteRule\",\"elasticloadbalancing:DeleteTargetGroup\",\"elasticloadbalancing:DescribeListeners\",\"elasticloadbalancing:DescribeLoadBalancers\",\"elasticloadbalancing:DescribeRules\",\"elasticloadbalancing:DescribeTargetGroups\",\"ecs:*\",\"events:DescribeRule\",\"events:DeleteRule\",\"events:ListRuleNamesByTarget\",\"events:ListTargetsByRule\",\"events:PutRule\",\"events:PutTargets\",\"events:RemoveTargets\",\"iam:ListAttachedRolePolicies\",\"iam:ListInstanceProfiles\",\"iam:ListRoles\",\"logs:CreateLogGroup\",\"logs:DescribeLogGroups\",\"logs:FilterLogEvents\",\"route53:GetHostedZone\",\"route53:ListHostedZonesByName\",\"route53:CreateHostedZone\",\"route53:DeleteHostedZone\",\"route53:GetHealthCheck\",\"servicediscovery:CreatePrivateDnsNamespace\",\"servicediscovery:CreateService\",\"servicediscovery:GetNamespace\",\"servicediscovery:GetOperation\",\"servicediscovery:GetService\",\"servicediscovery:ListNamespaces\",\"servicediscovery:ListServices\",\"servicediscovery:UpdateService\",\"servicediscovery:DeleteService\"],\"Effect\":\"Allow\",\"Resource\":[\"*\"]},{\"Action\":[\"ssm:GetParametersByPath\",\"ssm:GetParameters\",\"ssm:GetParameter\"],\"Effect\":\"Allow\",\"Resource\":[\"arn:aws:ssm:*:*:parameter/aws/service/ecs*\"]},{\"Action\":[\"ec2:DeleteInternetGateway\",\"ec2:DeleteRoute\",\"ec2:DeleteRouteTable\",\"ec2:DeleteSecurityGroup\"],\"Effect\":\"Allow\",\"Resource\":[\"*\"]},{\"Action\":[\"iam:PassRole\"],\"Condition\":{\"StringLike\":{\"iam:PassedToService\":\"ecs-tasks.amazonaws.com\"}},\"Effect\":\"Allow\",\"Resource\":[\"*\"]},{\"Action\":[\"iam:PassRole\"],\"Condition\":{\"StringLike\":{\"iam:PassedToService\":[\"ec2.amazonaws.com\",\"ec2.amazonaws.com.cn\"]}},\"Effect\":\"Allow\",\"Resource\":[\"arn:aws:iam::*:role/ecsInstanceRole*\"]},{\"Action\":[\"iam:PassRole\"],\"Condition\":{\"StringLike\":{\"iam:PassedToService\":[\"application-autoscaling.amazonaws.com\",\"application-autoscaling.amazonaws.com.cn\"]}},\"Effect\":\"Allow\",\"Resource\":[\"arn:aws:iam::*:role/ecsAutoscaleRole\"]},{\"Action\":[\"iam:CreateServiceLinkedRole\"],\"Condition\":{\"StringLike\":{\"iam:AWSServiceName\":[\"ecs.amazonaws.com\",\"spot.amazonaws.com\",\"spotfleet.amazonaws.com\",\"ecs.application-autoscaling.amazonaws.com\",\"autoscaling.amazonaws.com\"]}},\"Effect\":\"Allow\",\"Resource\":[\"*\"]}]}"
              },
              {
                "name": "geonex-maas-SSMReadOnly",
                "policy": "{\"Version\":\"2012-10-17\",\"Statement\":[{\"Action\":[\"ssm:Describe*\",\"ssm:Get*\",\"ssm:List*\"],\"Effect\":\"Allow\",\"Resource\":[\"*\"]}]}"
              }
            ],
            "managed_policy_arns": [
              "arn:aws:iam::058264225399:policy/geonex-maas-LandrushBatchServicePolicy",
              "arn:aws:iam::058264225399:policy/geonex-maas-LandrushEc2OperatingPolicy"
            ],
            "max_session_duration": 3600,
            "name": "geonex-maas-BatchInstanceProfileRole",
            "name_prefix": "",
            "path": "/",
            "permissions_boundary": "",
            "tags": {},
            "tags_all": {},
            "unique_id": "AROAQ3EGRQZ37YL6LRN7W"
          },
          "sensitive_attributes": [],
          "private": "bnVsbA=="
        }
      ]
    },
    {
      "module": "module.resources",
      "mode": "managed",
      "type": "aws_iam_role",
      "name": "batch-job-role",
      "provider": "provider[\"registry.terraform.io/hashicorp/aws\"]",
      "instances": [
        {
          "schema_version": 0,
          "attributes": {
            "arn": "arn:aws:iam::058264225399:role/geonex-maas-BatchJobRole",
            "assume_role_policy": "{\"Statement\":[{\"Action\":\"sts:AssumeRole\",\"Effect\":\"Allow\",\"Principal\":{\"Service\":\"ecs-tasks.amazonaws.com\"},\"Sid\":\"\"}],\"Version\":\"2012-10-17\"}",
            "create_date": "2024-08-01T13:36:47Z",
            "description": "",
            "force_detach_policies": false,
            "id": "geonex-maas-BatchJobRole",
            "inline_policy": [],
            "managed_policy_arns": [
              "arn:aws:iam::058264225399:policy/geonex-maas-EcsFullAccess",
              "arn:aws:iam::058264225399:policy/geonex-maas-EcsTaskExecutionPolicy",
              "arn:aws:iam::058264225399:policy/geonex-maas-SqsFullAccess"
            ],
            "max_session_duration": 3600,
            "name": "geonex-maas-BatchJobRole",
            "name_prefix": "",
            "path": "/",
            "permissions_boundary": "",
            "tags": {},
            "tags_all": {},
            "unique_id": "AROAQ3EGRQZ3RWS35FAZS"
          },
          "sensitive_attributes": [],
          "private": "bnVsbA=="
        }
      ]
    },
    {
      "module": "module.resources",
      "mode": "managed",
      "type": "aws_iam_role",
      "name": "batch-service-role",
      "provider": "provider[\"registry.terraform.io/hashicorp/aws\"]",
      "instances": [
        {
          "schema_version": 0,
          "attributes": {
            "arn": "arn:aws:iam::058264225399:role/geonex-maas-BatchServiceRole",
            "assume_role_policy": "{\"Statement\":[{\"Action\":\"sts:AssumeRole\",\"Effect\":\"Allow\",\"Principal\":{\"Service\":\"batch.amazonaws.com\"}}],\"Version\":\"2012-10-17\"}",
            "create_date": "2024-08-01T13:36:47Z",
            "description": "",
            "force_detach_policies": false,
            "id": "geonex-maas-BatchServiceRole",
            "inline_policy": [],
            "managed_policy_arns": [
              "arn:aws:iam::058264225399:policy/geonex-maas-LandrushBatchServicePolicy"
            ],
            "max_session_duration": 3600,
            "name": "geonex-maas-BatchServiceRole",
            "name_prefix": "",
            "path": "/",
            "permissions_boundary": "",
            "tags": {},
            "tags_all": {},
            "unique_id": "AROAQ3EGRQZ35PYI4NRPN"
          },
          "sensitive_attributes": [],
          "private": "bnVsbA=="
        }
      ]
    },
    {
      "module": "module.resources",
      "mode": "managed",
      "type": "aws_iam_role",
      "name": "batch-spot-fleet-role",
      "provider": "provider[\"registry.terraform.io/hashicorp/aws\"]",
      "instances": [
        {
          "schema_version": 0,
          "attributes": {
            "arn": "arn:aws:iam::058264225399:role/geonex-maas-BatchSpotFleetRole",
            "assume_role_policy": "{\"Statement\":[{\"Action\":\"sts:AssumeRole\",\"Effect\":\"Allow\",\"Principal\":{\"Service\":\"spotfleet.amazonaws.com\"}},{\"Action\":\"sts:AssumeRole\",\"Effect\":\"Allow\",\"Principal\":{\"Service\":\"ec2.amazonaws.com\"}}],\"Version\":\"2012-10-17\"}",
            "create_date": "2024-08-01T13:36:48Z",
            "description": "",
            "force_detach_policies": false,
            "id": "geonex-maas-BatchSpotFleetRole",
            "inline_policy": [],
            "managed_policy_arns": [
              "arn:aws:iam::058264225399:policy/geonex-maas-LandrushBatchSpotFleetPolicy"
            ],
            "max_session_duration": 3600,
            "name": "geonex-maas-BatchSpotFleetRole",
            "name_prefix": "",
            "path": "/",
            "permissions_boundary": "",
            "tags": {},
            "tags_all": {},
            "unique_id": "AROAQ3EGRQZ3V6NAR2WAK"
          },
          "sensitive_attributes": [],
          "private": "bnVsbA=="
        }
      ]
    },
    {
      "module": "module.resources",
      "mode": "managed",
      "type": "aws_iam_role",
      "name": "iam_role_for_lambda",
      "provider": "provider[\"registry.terraform.io/hashicorp/aws\"]",
      "instances": [
        {
          "schema_version": 0,
          "attributes": {
            "arn": "arn:aws:iam::058264225399:role/geonex-maas-lambda-role",
            "assume_role_policy": "{\"Statement\":[{\"Action\":\"sts:AssumeRole\",\"Effect\":\"Allow\",\"Principal\":{\"Service\":\"lambda.amazonaws.com\"}}],\"Version\":\"2012-10-17\"}",
            "create_date": "2024-08-01T13:36:49Z",
            "description": "",
            "force_detach_policies": false,
            "id": "geonex-maas-lambda-role",
            "inline_policy": [],
            "managed_policy_arns": [
              "arn:aws:iam::058264225399:policy/lambda_logging"
            ],
            "max_session_duration": 3600,
            "name": "geonex-maas-lambda-role",
            "name_prefix": "",
            "path": "/",
            "permissions_boundary": "",
            "tags": {},
            "tags_all": {},
            "unique_id": "AROAQ3EGRQZ3WOWBOXS6E"
          },
          "sensitive_attributes": [],
          "private": "bnVsbA=="
        }
      ]
    },
    {
      "module": "module.resources",
      "mode": "managed",
      "type": "aws_iam_role",
      "name": "lambda-service-role",
      "provider": "provider[\"registry.terraform.io/hashicorp/aws\"]",
      "instances": [
        {
          "schema_version": 0,
          "attributes": {
            "arn": "arn:aws:iam::058264225399:role/geonex-maas-prod-LambdaServiceRole",
            "assume_role_policy": "{\"Statement\":[{\"Action\":\"sts:AssumeRole\",\"Effect\":\"Allow\",\"Principal\":{\"Service\":\"lambda.amazonaws.com\"}}],\"Version\":\"2012-10-17\"}",
            "create_date": "2024-08-01T13:36:47Z",
            "description": "",
            "force_detach_policies": false,
            "id": "geonex-maas-prod-LambdaServiceRole",
            "inline_policy": [],
            "managed_policy_arns": [],
            "max_session_duration": 3600,
            "name": "geonex-maas-prod-LambdaServiceRole",
            "name_prefix": "",
            "path": "/",
            "permissions_boundary": "",
            "tags": {},
            "tags_all": {},
            "unique_id": "AROAQ3EGRQZ3RBMDU3CP5"
          },
          "sensitive_attributes": [],
          "private": "bnVsbA=="
        }
      ]
    },
    {
      "module": "module.resources",
      "mode": "managed",
      "type": "aws_iam_role_policy",
      "name": "cloudwatch-logs-access",
      "provider": "provider[\"registry.terraform.io/hashicorp/aws\"]",
      "instances": [
        {
          "schema_version": 0,
          "attributes": {
            "id": "geonex-maas-BatchInstanceProfileRole:geonex-maas-CloudWatchLogsAccess",
            "name": "geonex-maas-CloudWatchLogsAccess",
            "name_prefix": "",
            "policy": "{\"Version\":\"2012-10-17\",\"Statement\":[{\"Action\":[\"logs:*\"],\"Effect\":\"Allow\",\"Resource\":[\"*\"]}]}",
            "role": "geonex-maas-BatchInstanceProfileRole"
          },
          "sensitive_attributes": [],
          "private": "bnVsbA==",
          "dependencies": [
            "module.resources.aws_iam_role.batch-instance-profile-role"
          ]
        }
      ]
    },
    {
      "module": "module.resources",
      "mode": "managed",
      "type": "aws_iam_role_policy",
      "name": "ec2-container-service-stuff",
      "provider": "provider[\"registry.terraform.io/hashicorp/aws\"]",
      "instances": [
        {
          "schema_version": 0,
          "attributes": {
            "id": "geonex-maas-BatchInstanceProfileRole:geonex-maas-Ec2ContainerServiceStuff",
            "name": "geonex-maas-Ec2ContainerServiceStuff",
            "name_prefix": "",
            "policy": "{\"Version\":\"2012-10-17\",\"Statement\":[{\"Action\":[\"ecs:CreateCluster\",\"ecs:DeregisterContainerInstance\",\"ecs:DiscoverPollEndpoint\",\"ecs:Poll\",\"ecs:RegisterContainerInstance\",\"ecs:StartTelemetrySession\",\"ecs:UpdateContainerInstancesState\",\"ecs:Submit*\",\"ecr:GetAuthorizationToken\",\"ecr:BatchCheckLayerAvailability\",\"ecr:GetDownloadUrlForLayer\",\"ecr:BatchGetImage\",\"logs:CreateLogStream\",\"logs:PutLogEvents\"],\"Effect\":\"Allow\",\"Resource\":[\"*\"]}]}",
            "role": "geonex-maas-BatchInstanceProfileRole"
          },
          "sensitive_attributes": [],
          "private": "bnVsbA==",
          "dependencies": [
            "module.resources.aws_iam_role.batch-instance-profile-role"
          ]
        }
      ]
    },
    {
      "module": "module.resources",
      "mode": "managed",
      "type": "aws_iam_role_policy",
      "name": "ecr-full-access",
      "provider": "provider[\"registry.terraform.io/hashicorp/aws\"]",
      "instances": [
        {
          "schema_version": 0,
          "attributes": {
            "id": "geonex-maas-BatchInstanceProfileRole:geonex-maas-EcrFullAccess",
            "name": "geonex-maas-EcrFullAccess",
            "name_prefix": "",
            "policy": "{\"Version\":\"2012-10-17\",\"Statement\":[{\"Action\":[\"ecr:*\",\"cloudtrail:LookupEvents\"],\"Effect\":\"Allow\",\"Resource\":[\"*\"]}]}",
            "role": "geonex-maas-BatchInstanceProfileRole"
          },
          "sensitive_attributes": [],
          "private": "bnVsbA==",
          "dependencies": [
            "module.resources.aws_iam_role.batch-instance-profile-role"
          ]
        }
      ]
    },
    {
      "module": "module.resources",
      "mode": "managed",
      "type": "aws_iam_role_policy",
      "name": "ecs-full-access-instance",
      "provider": "provider[\"registry.terraform.io/hashicorp/aws\"]",
      "instances": [
        {
          "schema_version": 0,
          "attributes": {
            "id": "geonex-maas-BatchInstanceProfileRole:geonex-maas-EcsFullAccess",
            "name": "geonex-maas-EcsFullAccess",
            "name_prefix": "",
            "policy": "{\"Version\":\"2012-10-17\",\"Statement\":[{\"Action\":[\"application-autoscaling:DeleteScalingPolicy\",\"application-autoscaling:DeregisterScalableTarget\",\"application-autoscaling:DescribeScalableTargets\",\"application-autoscaling:DescribeScalingActivities\",\"application-autoscaling:DescribeScalingPolicies\",\"application-autoscaling:PutScalingPolicy\",\"application-autoscaling:RegisterScalableTarget\",\"autoscaling:UpdateAutoScalingGroup\",\"autoscaling:CreateAutoScalingGroup\",\"autoscaling:CreateLaunchConfiguration\",\"autoscaling:DeleteAutoScalingGroup\",\"autoscaling:DeleteLaunchConfiguration\",\"autoscaling:Describe*\",\"cloudformation:CreateStack\",\"cloudformation:DeleteStack\",\"cloudformation:DescribeStack*\",\"cloudformation:UpdateStack\",\"cloudwatch:DescribeAlarms\",\"cloudwatch:DeleteAlarms\",\"cloudwatch:GetMetricStatistics\",\"cloudwatch:PutMetricAlarm\",\"codedeploy:CreateApplication\",\"codedeploy:CreateDeployment\",\"codedeploy:CreateDeploymentGroup\",\"codedeploy:GetApplication\",\"codedeploy:GetDeployment\",\"codedeploy:GetDeploymentGroup\",\"codedeploy:ListApplications\",\"codedeploy:ListDeploymentGroups\",\"codedeploy:ListDeployments\",\"codedeploy:StopDeployment\",\"codedeploy:GetDeploymentTarget\",\"codedeploy:ListDeploymentTargets\",\"codedeploy:GetDeploymentConfig\",\"codedeploy:GetApplicationRevision\",\"codedeploy:RegisterApplicationRevision\",\"codedeploy:BatchGetApplicationRevisions\",\"codedeploy:BatchGetDeploymentGroups\",\"codedeploy:BatchGetDeployments\",\"codedeploy:BatchGetApplications\",\"codedeploy:ListApplicationRevisions\",\"codedeploy:ListDeploymentConfigs\",\"codedeploy:ContinueDeployment\",\"sns:ListTopics\",\"lambda:ListFunctions\",\"ec2:AssociateRouteTable\",\"ec2:AttachInternetGateway\",\"ec2:AuthorizeSecurityGroupIngress\",\"ec2:CancelSpotFleetRequests\",\"ec2:CreateInternetGateway\",\"ec2:CreateLaunchTemplate\",\"ec2:CreateRoute\",\"ec2:CreateRouteTable\",\"ec2:CreateSecurityGroup\",\"ec2:CreateSubnet\",\"ec2:CreateVpc\",\"ec2:DeleteLaunchTemplate\",\"ec2:DeleteSubnet\",\"ec2:DeleteVpc\",\"ec2:Describe*\",\"ec2:DetachInternetGateway\",\"ec2:DisassociateRouteTable\",\"ec2:ModifySubnetAttribute\",\"ec2:ModifyVpcAttribute\",\"ec2:RunInstances\",\"ec2:RequestSpotFleet\",\"elasticloadbalancing:CreateListener\",\"elasticloadbalancing:CreateLoadBalancer\",\"elasticloadbalancing:CreateRule\",\"elasticloadbalancing:CreateTargetGroup\",\"elasticloadbalancing:DeleteListener\",\"elasticloadbalancing:DeleteLoadBalancer\",\"elasticloadbalancing:DeleteRule\",\"elasticloadbalancing:DeleteTargetGroup\",\"elasticloadbalancing:DescribeListeners\",\"elasticloadbalancing:DescribeLoadBalancers\",\"elasticloadbalancing:DescribeRules\",\"elasticloadbalancing:DescribeTargetGroups\",\"ecs:*\",\"events:DescribeRule\",\"events:DeleteRule\",\"events:ListRuleNamesByTarget\",\"events:ListTargetsByRule\",\"events:PutRule\",\"events:PutTargets\",\"events:RemoveTargets\",\"iam:ListAttachedRolePolicies\",\"iam:ListInstanceProfiles\",\"iam:ListRoles\",\"logs:CreateLogGroup\",\"logs:DescribeLogGroups\",\"logs:FilterLogEvents\",\"route53:GetHostedZone\",\"route53:ListHostedZonesByName\",\"route53:CreateHostedZone\",\"route53:DeleteHostedZone\",\"route53:GetHealthCheck\",\"servicediscovery:CreatePrivateDnsNamespace\",\"servicediscovery:CreateService\",\"servicediscovery:GetNamespace\",\"servicediscovery:GetOperation\",\"servicediscovery:GetService\",\"servicediscovery:ListNamespaces\",\"servicediscovery:ListServices\",\"servicediscovery:UpdateService\",\"servicediscovery:DeleteService\"],\"Effect\":\"Allow\",\"Resource\":[\"*\"]},{\"Action\":[\"ssm:GetParametersByPath\",\"ssm:GetParameters\",\"ssm:GetParameter\"],\"Effect\":\"Allow\",\"Resource\":[\"arn:aws:ssm:*:*:parameter/aws/service/ecs*\"]},{\"Action\":[\"ec2:DeleteInternetGateway\",\"ec2:DeleteRoute\",\"ec2:DeleteRouteTable\",\"ec2:DeleteSecurityGroup\"],\"Effect\":\"Allow\",\"Resource\":[\"*\"]},{\"Action\":[\"iam:PassRole\"],\"Condition\":{\"StringLike\":{\"iam:PassedToService\":\"ecs-tasks.amazonaws.com\"}},\"Effect\":\"Allow\",\"Resource\":[\"*\"]},{\"Action\":[\"iam:PassRole\"],\"Condition\":{\"StringLike\":{\"iam:PassedToService\":[\"ec2.amazonaws.com\",\"ec2.amazonaws.com.cn\"]}},\"Effect\":\"Allow\",\"Resource\":[\"arn:aws:iam::*:role/ecsInstanceRole*\"]},{\"Action\":[\"iam:PassRole\"],\"Condition\":{\"StringLike\":{\"iam:PassedToService\":[\"application-autoscaling.amazonaws.com\",\"application-autoscaling.amazonaws.com.cn\"]}},\"Effect\":\"Allow\",\"Resource\":[\"arn:aws:iam::*:role/ecsAutoscaleRole\"]},{\"Action\":[\"iam:CreateServiceLinkedRole\"],\"Condition\":{\"StringLike\":{\"iam:AWSServiceName\":[\"ecs.amazonaws.com\",\"spot.amazonaws.com\",\"spotfleet.amazonaws.com\",\"ecs.application-autoscaling.amazonaws.com\",\"autoscaling.amazonaws.com\"]}},\"Effect\":\"Allow\",\"Resource\":[\"*\"]}]}",
            "role": "geonex-maas-BatchInstanceProfileRole"
          },
          "sensitive_attributes": [],
          "private": "bnVsbA==",
          "dependencies": [
            "module.resources.aws_iam_role.batch-instance-profile-role"
          ]
        }
      ]
    },
    {
      "module": "module.resources",
      "mode": "managed",
      "type": "aws_iam_role_policy",
      "name": "ssm-readonly",
      "provider": "provider[\"registry.terraform.io/hashicorp/aws\"]",
      "instances": [
        {
          "schema_version": 0,
          "attributes": {
            "id": "geonex-maas-BatchInstanceProfileRole:geonex-maas-SSMReadOnly",
            "name": "geonex-maas-SSMReadOnly",
            "name_prefix": "",
            "policy": "{\"Version\":\"2012-10-17\",\"Statement\":[{\"Action\":[\"ssm:Describe*\",\"ssm:Get*\",\"ssm:List*\"],\"Effect\":\"Allow\",\"Resource\":[\"*\"]}]}",
            "role": "geonex-maas-BatchInstanceProfileRole"
          },
          "sensitive_attributes": [],
          "private": "bnVsbA==",
          "dependencies": [
            "module.resources.aws_iam_role.batch-instance-profile-role"
          ]
        }
      ]
    },
    {
      "module": "module.resources",
      "mode": "managed",
      "type": "aws_iam_role_policy_attachment",
      "name": "attach-spot-fleet-policy",
      "provider": "provider[\"registry.terraform.io/hashicorp/aws\"]",
      "instances": [
        {
          "schema_version": 0,
          "attributes": {
            "id": "geonex-maas-BatchSpotFleetRole-20240801133649397000000006",
            "policy_arn": "arn:aws:iam::058264225399:policy/geonex-maas-LandrushBatchSpotFleetPolicy",
            "role": "geonex-maas-BatchSpotFleetRole"
          },
          "sensitive_attributes": [],
          "private": "bnVsbA==",
          "dependencies": [
            "module.resources.aws_iam_policy.batch-spot-fleet-policy",
            "module.resources.aws_iam_role.batch-spot-fleet-role"
          ]
        }
      ]
    },
    {
      "module": "module.resources",
      "mode": "managed",
      "type": "aws_iam_role_policy_attachment",
      "name": "ecs-full-job-attach",
      "provider": "provider[\"registry.terraform.io/hashicorp/aws\"]",
      "instances": [
        {
          "schema_version": 0,
          "attributes": {
            "id": "geonex-maas-BatchJobRole-20240801133648746100000003",
            "policy_arn": "arn:aws:iam::058264225399:policy/geonex-maas-EcsFullAccess",
            "role": "geonex-maas-BatchJobRole"
          },
          "sensitive_attributes": [],
          "private": "bnVsbA==",
          "dependencies": [
            "module.resources.aws_iam_policy.ecs-full-access",
            "module.resources.aws_iam_role.batch-job-role"
          ]
        }
      ]
    },
    {
      "module": "module.resources",
      "mode": "managed",
      "type": "aws_iam_role_policy_attachment",
      "name": "ecs-task-job-attach",
      "provider": "provider[\"registry.terraform.io/hashicorp/aws\"]",
      "instances": [
        {
          "schema_version": 0,
          "attributes": {
            "id": "geonex-maas-BatchJobRole-20240801133649158300000005",
            "policy_arn": "arn:aws:iam::058264225399:policy/geonex-maas-EcsTaskExecutionPolicy",
            "role": "geonex-maas-BatchJobRole"
          },
          "sensitive_attributes": [],
          "private": "bnVsbA==",
          "dependencies": [
            "module.resources.aws_iam_policy.ecs-task-execution",
            "module.resources.aws_iam_role.batch-job-role"
          ]
        }
      ]
    },
    {
      "module": "module.resources",
      "mode": "managed",
      "type": "aws_iam_role_policy_attachment",
      "name": "lambda_logging_policy_attachment",
      "provider": "provider[\"registry.terraform.io/hashicorp/aws\"]",
      "instances": [
        {
          "schema_version": 0,
          "attributes": {
            "id": "geonex-maas-lambda-role-20240801133650008200000007",
            "policy_arn": "arn:aws:iam::058264225399:policy/lambda_logging",
            "role": "geonex-maas-lambda-role"
          },
          "sensitive_attributes": [],
          "private": "bnVsbA==",
          "dependencies": [
            "module.resources.aws_iam_policy.lambda_logging_policy",
            "module.resources.aws_iam_role.iam_role_for_lambda",
            "module.resources.data.aws_iam_policy_document.lambda_logging_document"
          ]
        }
      ]
    },
    {
      "module": "module.resources",
      "mode": "managed",
      "type": "aws_iam_role_policy_attachment",
      "name": "operating-policy-attach",
      "provider": "provider[\"registry.terraform.io/hashicorp/aws\"]",
      "instances": [
        {
          "schema_version": 0,
          "attributes": {
            "id": "geonex-maas-BatchInstanceProfileRole-2024080113372027240000000b",
            "policy_arn": "arn:aws:iam::058264225399:policy/geonex-maas-LandrushEc2OperatingPolicy",
            "role": "geonex-maas-BatchInstanceProfileRole"
          },
          "sensitive_attributes": [],
          "private": "bnVsbA==",
          "dependencies": [
            "module.resources.aws_cloudwatch_log_group.cancel_lambda_log",
            "module.resources.aws_cloudwatch_log_group.dispatch_lambda_log",
            "module.resources.aws_iam_policy.operating-policy",
            "module.resources.aws_iam_role.batch-instance-profile-role",
            "module.resources.aws_iam_role.iam_role_for_lambda",
            "module.resources.aws_lambda_function.cancel_lambda_function",
            "module.resources.aws_lambda_function.dispatch_lambda_function",
            "module.resources.aws_lambda_layer_version.lambda_layer",
            "module.resources.aws_s3_bucket.storage",
            "module.resources.data.archive_file.lambda_layer_zip",
            "module.resources.data.archive_file.python_lambda_package",
            "module.resources.null_resource.lambda_code",
            "module.resources.null_resource.pip_install"
          ]
        }
      ]
    },
    {
      "module": "module.resources",
      "mode": "managed",
      "type": "aws_iam_role_policy_attachment",
      "name": "service-attach-1",
      "provider": "provider[\"registry.terraform.io/hashicorp/aws\"]",
      "instances": [
        {
          "schema_version": 0,
          "attributes": {
            "id": "geonex-maas-BatchServiceRole-20240801133649158100000004",
            "policy_arn": "arn:aws:iam::058264225399:policy/geonex-maas-LandrushBatchServicePolicy",
            "role": "geonex-maas-BatchServiceRole"
          },
          "sensitive_attributes": [],
          "private": "bnVsbA==",
          "dependencies": [
            "module.resources.aws_iam_policy.batch-service-policy",
            "module.resources.aws_iam_role.batch-service-role"
          ]
        }
      ]
    },
    {
      "module": "module.resources",
      "mode": "managed",
      "type": "aws_iam_role_policy_attachment",
      "name": "service-attach-2",
      "provider": "provider[\"registry.terraform.io/hashicorp/aws\"]",
      "instances": [
        {
          "schema_version": 0,
          "attributes": {
            "id": "geonex-maas-BatchInstanceProfileRole-20240801133650107100000008",
            "policy_arn": "arn:aws:iam::058264225399:policy/geonex-maas-LandrushBatchServicePolicy",
            "role": "geonex-maas-BatchInstanceProfileRole"
          },
          "sensitive_attributes": [],
          "private": "bnVsbA==",
          "dependencies": [
            "module.resources.aws_iam_policy.batch-service-policy",
            "module.resources.aws_iam_role.batch-instance-profile-role"
          ]
        }
      ]
    },
    {
      "module": "module.resources",
      "mode": "managed",
      "type": "aws_iam_role_policy_attachment",
      "name": "sqs-job-attach",
      "provider": "provider[\"registry.terraform.io/hashicorp/aws\"]",
      "instances": [
        {
          "schema_version": 0,
          "attributes": {
            "id": "geonex-maas-BatchJobRole-20240801133648739300000002",
            "policy_arn": "arn:aws:iam::058264225399:policy/geonex-maas-SqsFullAccess",
            "role": "geonex-maas-BatchJobRole"
          },
          "sensitive_attributes": [],
          "private": "bnVsbA==",
          "dependencies": [
            "module.resources.aws_iam_policy.sqs-full-access",
            "module.resources.aws_iam_role.batch-job-role"
          ]
        }
      ]
    },
    {
      "module": "module.resources",
      "mode": "managed",
      "type": "aws_internet_gateway",
      "name": "gateway",
      "provider": "provider[\"registry.terraform.io/hashicorp/aws\"]",
      "instances": [
        {
          "schema_version": 0,
          "attributes": {
            "arn": "arn:aws:ec2:us-east-1:058264225399:internet-gateway/igw-0194fbe063e4f426f",
            "id": "igw-0194fbe063e4f426f",
            "owner_id": "058264225399",
            "tags": {},
            "tags_all": {},
            "timeouts": null,
            "vpc_id": "vpc-091b0a6521b810e45"
          },
          "sensitive_attributes": [],
          "private": "eyJlMmJmYjczMC1lY2FhLTExZTYtOGY4OC0zNDM2M2JjN2M0YzAiOnsiY3JlYXRlIjoxMjAwMDAwMDAwMDAwLCJkZWxldGUiOjEyMDAwMDAwMDAwMDAsInVwZGF0ZSI6MTIwMDAwMDAwMDAwMH19",
          "dependencies": [
            "module.resources.aws_vpc.engine-vpc"
          ]
        }
      ]
    },
    {
      "module": "module.resources",
      "mode": "managed",
      "type": "aws_lambda_function",
      "name": "cancel_lambda_function",
      "provider": "provider[\"registry.terraform.io/hashicorp/aws\"]",
      "instances": [
        {
          "schema_version": 0,
          "attributes": {
            "architectures": [
              "x86_64"
            ],
            "arn": "arn:aws:lambda:us-east-1:058264225399:function:geonex-maas-prod-cancel",
            "code_sha256": "0Xpfd4XjQI2aQopaXjdh9M2adlUF3C/sE/jSrnsO2zs=",
            "code_signing_config_arn": "",
            "dead_letter_config": [],
            "description": "Cancel CODM jobs when 'cancel' file is copied to s3:// prefix",
            "environment": [],
            "ephemeral_storage": [
              {
                "size": 512
              }
            ],
            "file_system_config": [],
            "filename": "./lambda-functions.zip",
            "function_name": "geonex-maas-prod-cancel",
            "handler": "lambda.handlers.cancel",
            "id": "geonex-maas-prod-cancel",
            "image_config": [],
            "image_uri": "",
            "invoke_arn": "arn:aws:apigateway:us-east-1:lambda:path/2015-03-31/functions/arn:aws:lambda:us-east-1:058264225399:function:geonex-maas-prod-cancel/invocations",
            "kms_key_arn": "",
            "last_modified": "2024-08-01T13:36:57.081+0000",
            "layers": [
              "arn:aws:lambda:us-east-1:058264225399:layer:geonex-maas-prod-lambda-layer:1"
            ],
            "logging_config": [
              {
                "application_log_level": "",
                "log_format": "Text",
                "log_group": "/aws/lambda/geonex-maas-prod-cancel",
                "system_log_level": ""
              }
            ],
            "memory_size": 128,
            "package_type": "Zip",
            "publish": false,
            "qualified_arn": "arn:aws:lambda:us-east-1:058264225399:function:geonex-maas-prod-cancel:$LATEST",
            "qualified_invoke_arn": "arn:aws:apigateway:us-east-1:lambda:path/2015-03-31/functions/arn:aws:lambda:us-east-1:058264225399:function:geonex-maas-prod-cancel:$LATEST/invocations",
            "replace_security_groups_on_destroy": null,
            "replacement_security_group_ids": null,
            "reserved_concurrent_executions": -1,
            "role": "arn:aws:iam::058264225399:role/geonex-maas-lambda-role",
            "runtime": "python3.9",
            "s3_bucket": null,
            "s3_key": null,
            "s3_object_version": null,
            "signing_job_arn": "",
            "signing_profile_version_arn": "",
            "skip_destroy": false,
            "snap_start": [],
            "source_code_hash": "0Xpfd4XjQI2aQopaXjdh9M2adlUF3C/sE/jSrnsO2zs=",
            "source_code_size": 4538,
            "tags": {
              "Name": "geonex-maas:lambda.prod.cancel",
              "name": "geonex-maas",
              "stage": "prod"
            },
            "tags_all": {
              "Name": "geonex-maas:lambda.prod.cancel",
              "name": "geonex-maas",
              "stage": "prod"
            },
            "timeout": 300,
            "timeouts": null,
            "tracing_config": [
              {
                "mode": "PassThrough"
              }
            ],
            "version": "$LATEST",
            "vpc_config": []
          },
          "sensitive_attributes": [],
          "private": "eyJlMmJmYjczMC1lY2FhLTExZTYtOGY4OC0zNDM2M2JjN2M0YzAiOnsiY3JlYXRlIjo2MDAwMDAwMDAwMDAsImRlbGV0ZSI6NjAwMDAwMDAwMDAwLCJ1cGRhdGUiOjYwMDAwMDAwMDAwMH19",
          "dependencies": [
            "module.resources.aws_cloudwatch_log_group.cancel_lambda_log",
            "module.resources.aws_iam_role.iam_role_for_lambda",
            "module.resources.aws_lambda_layer_version.lambda_layer",
            "module.resources.data.archive_file.lambda_layer_zip",
            "module.resources.data.archive_file.python_lambda_package",
            "module.resources.null_resource.lambda_code",
            "module.resources.null_resource.pip_install"
          ]
        }
      ]
    },
    {
      "module": "module.resources",
      "mode": "managed",
      "type": "aws_lambda_function",
      "name": "dispatch_lambda_function",
      "provider": "provider[\"registry.terraform.io/hashicorp/aws\"]",
      "instances": [
        {
          "schema_version": 0,
          "attributes": {
            "architectures": [
              "x86_64"
            ],
            "arn": "arn:aws:lambda:us-east-1:058264225399:function:geonex-maas-prod-dispatch",
            "code_sha256": "0Xpfd4XjQI2aQopaXjdh9M2adlUF3C/sE/jSrnsO2zs=",
            "code_signing_config_arn": "",
            "dead_letter_config": [],
            "description": "Dispatch CODM jobs when 'process' file is copied to s3:// prefix",
            "environment": [],
            "ephemeral_storage": [
              {
                "size": 512
              }
            ],
            "file_system_config": [],
            "filename": "./lambda-functions.zip",
            "function_name": "geonex-maas-prod-dispatch",
            "handler": "lambda.handlers.dispatch",
            "id": "geonex-maas-prod-dispatch",
            "image_config": [],
            "image_uri": "",
            "invoke_arn": "arn:aws:apigateway:us-east-1:lambda:path/2015-03-31/functions/arn:aws:lambda:us-east-1:058264225399:function:geonex-maas-prod-dispatch/invocations",
            "kms_key_arn": "",
            "last_modified": "2024-08-01T13:37:03.484+0000",
            "layers": [
              "arn:aws:lambda:us-east-1:058264225399:layer:geonex-maas-prod-lambda-layer:1"
            ],
            "logging_config": [
              {
                "application_log_level": "",
                "log_format": "Text",
                "log_group": "/aws/lambda/geonex-maas-prod-dispatch",
                "system_log_level": ""
              }
            ],
            "memory_size": 128,
            "package_type": "Zip",
            "publish": false,
            "qualified_arn": "arn:aws:lambda:us-east-1:058264225399:function:geonex-maas-prod-dispatch:$LATEST",
            "qualified_invoke_arn": "arn:aws:apigateway:us-east-1:lambda:path/2015-03-31/functions/arn:aws:lambda:us-east-1:058264225399:function:geonex-maas-prod-dispatch:$LATEST/invocations",
            "replace_security_groups_on_destroy": null,
            "replacement_security_group_ids": null,
            "reserved_concurrent_executions": -1,
            "role": "arn:aws:iam::058264225399:role/geonex-maas-lambda-role",
            "runtime": "python3.9",
            "s3_bucket": null,
            "s3_key": null,
            "s3_object_version": null,
            "signing_job_arn": "",
            "signing_profile_version_arn": "",
            "skip_destroy": false,
            "snap_start": [],
            "source_code_hash": "0Xpfd4XjQI2aQopaXjdh9M2adlUF3C/sE/jSrnsO2zs=",
            "source_code_size": 4538,
            "tags": {
              "Name": "geonex-maas:lambda.prod.dispatch",
              "name": "geonex-maas",
              "stage": "prod"
            },
            "tags_all": {
              "Name": "geonex-maas:lambda.prod.dispatch",
              "name": "geonex-maas",
              "stage": "prod"
            },
            "timeout": 300,
            "timeouts": null,
            "tracing_config": [
              {
                "mode": "PassThrough"
              }
            ],
            "version": "$LATEST",
            "vpc_config": []
          },
          "sensitive_attributes": [],
          "private": "eyJlMmJmYjczMC1lY2FhLTExZTYtOGY4OC0zNDM2M2JjN2M0YzAiOnsiY3JlYXRlIjo2MDAwMDAwMDAwMDAsImRlbGV0ZSI6NjAwMDAwMDAwMDAwLCJ1cGRhdGUiOjYwMDAwMDAwMDAwMH19",
          "dependencies": [
            "module.resources.aws_cloudwatch_log_group.dispatch_lambda_log",
            "module.resources.aws_iam_role.iam_role_for_lambda",
            "module.resources.aws_lambda_layer_version.lambda_layer",
            "module.resources.data.archive_file.lambda_layer_zip",
            "module.resources.data.archive_file.python_lambda_package",
            "module.resources.null_resource.lambda_code",
            "module.resources.null_resource.pip_install"
          ]
        }
      ]
    },
    {
      "module": "module.resources",
      "mode": "managed",
      "type": "aws_lambda_function",
      "name": "notify_lambda_function",
      "provider": "provider[\"registry.terraform.io/hashicorp/aws\"]",
      "instances": [
        {
          "schema_version": 0,
          "attributes": {
            "architectures": [
              "x86_64"
            ],
            "arn": "arn:aws:lambda:us-east-1:058264225399:function:geonex-maas-prod-notify",
            "code_sha256": "0Xpfd4XjQI2aQopaXjdh9M2adlUF3C/sE/jSrnsO2zs=",
            "code_signing_config_arn": "",
            "dead_letter_config": [],
            "description": "Respond to CODM notifications",
            "environment": [],
            "ephemeral_storage": [
              {
                "size": 512
              }
            ],
            "file_system_config": [],
            "filename": "./lambda-functions.zip",
            "function_name": "geonex-maas-prod-notify",
            "handler": "lambda.handlers.notify",
            "id": "geonex-maas-prod-notify",
            "image_config": [],
            "image_uri": "",
            "invoke_arn": "arn:aws:apigateway:us-east-1:lambda:path/2015-03-31/functions/arn:aws:lambda:us-east-1:058264225399:function:geonex-maas-prod-notify/invocations",
            "kms_key_arn": "",
            "last_modified": "2024-08-01T13:37:11.153+0000",
            "layers": [
              "arn:aws:lambda:us-east-1:058264225399:layer:geonex-maas-prod-lambda-layer:1"
            ],
            "logging_config": [
              {
                "application_log_level": "",
                "log_format": "Text",
                "log_group": "/aws/lambda/geonex-maas-prod-notify",
                "system_log_level": ""
              }
            ],
            "memory_size": 128,
            "package_type": "Zip",
            "publish": false,
            "qualified_arn": "arn:aws:lambda:us-east-1:058264225399:function:geonex-maas-prod-notify:$LATEST",
            "qualified_invoke_arn": "arn:aws:apigateway:us-east-1:lambda:path/2015-03-31/functions/arn:aws:lambda:us-east-1:058264225399:function:geonex-maas-prod-notify:$LATEST/invocations",
            "replace_security_groups_on_destroy": null,
            "replacement_security_group_ids": null,
            "reserved_concurrent_executions": -1,
            "role": "arn:aws:iam::058264225399:role/geonex-maas-lambda-role",
            "runtime": "python3.9",
            "s3_bucket": null,
            "s3_key": null,
            "s3_object_version": null,
            "signing_job_arn": "",
            "signing_profile_version_arn": "",
            "skip_destroy": false,
            "snap_start": [],
            "source_code_hash": "0Xpfd4XjQI2aQopaXjdh9M2adlUF3C/sE/jSrnsO2zs=",
            "source_code_size": 4538,
            "tags": {
              "Name": "geonex-maas:lambda.prod.process",
              "name": "geonex-maas",
              "sesdomain": "rsgiscx.net",
              "sesregion": "us-east-1",
              "slackhook": "https://hooks.slack.com/services/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",
              "stage": "prod"
            },
            "tags_all": {
              "Name": "geonex-maas:lambda.prod.process",
              "name": "geonex-maas",
              "sesdomain": "rsgiscx.net",
              "sesregion": "us-east-1",
              "slackhook": "https://hooks.slack.com/services/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",
              "stage": "prod"
            },
            "timeout": 300,
            "timeouts": null,
            "tracing_config": [
              {
                "mode": "PassThrough"
              }
            ],
            "version": "$LATEST",
            "vpc_config": []
          },
          "sensitive_attributes": [],
          "private": "eyJlMmJmYjczMC1lY2FhLTExZTYtOGY4OC0zNDM2M2JjN2M0YzAiOnsiY3JlYXRlIjo2MDAwMDAwMDAwMDAsImRlbGV0ZSI6NjAwMDAwMDAwMDAwLCJ1cGRhdGUiOjYwMDAwMDAwMDAwMH19",
          "dependencies": [
            "module.resources.aws_cloudwatch_log_group.notify_lambda_log",
            "module.resources.aws_iam_role.iam_role_for_lambda",
            "module.resources.aws_lambda_layer_version.lambda_layer",
            "module.resources.data.archive_file.lambda_layer_zip",
            "module.resources.data.archive_file.python_lambda_package",
            "module.resources.null_resource.lambda_code",
            "module.resources.null_resource.pip_install"
          ]
        }
      ]
    },
    {
      "module": "module.resources",
      "mode": "managed",
      "type": "aws_lambda_function_event_invoke_config",
      "name": "cancel_invoke",
      "provider": "provider[\"registry.terraform.io/hashicorp/aws\"]",
      "instances": [
        {
          "schema_version": 0,
          "attributes": {
            "destination_config": [],
            "function_name": "geonex-maas-prod-cancel",
            "id": "geonex-maas-prod-cancel",
            "maximum_event_age_in_seconds": 0,
            "maximum_retry_attempts": 0,
            "qualifier": ""
          },
          "sensitive_attributes": [],
          "private": "bnVsbA==",
          "dependencies": [
            "module.resources.aws_cloudwatch_log_group.cancel_lambda_log",
            "module.resources.aws_iam_role.iam_role_for_lambda",
            "module.resources.aws_lambda_function.cancel_lambda_function",
            "module.resources.aws_lambda_layer_version.lambda_layer",
            "module.resources.data.archive_file.lambda_layer_zip",
            "module.resources.data.archive_file.python_lambda_package",
            "module.resources.null_resource.lambda_code",
            "module.resources.null_resource.pip_install"
          ]
        }
      ]
    },
    {
      "module": "module.resources",
      "mode": "managed",
      "type": "aws_lambda_function_event_invoke_config",
      "name": "dispatch_invoke",
      "provider": "provider[\"registry.terraform.io/hashicorp/aws\"]",
      "instances": [
        {
          "schema_version": 0,
          "attributes": {
            "destination_config": [],
            "function_name": "geonex-maas-prod-dispatch",
            "id": "geonex-maas-prod-dispatch",
            "maximum_event_age_in_seconds": 0,
            "maximum_retry_attempts": 0,
            "qualifier": ""
          },
          "sensitive_attributes": [],
          "private": "bnVsbA==",
          "dependencies": [
            "module.resources.aws_cloudwatch_log_group.dispatch_lambda_log",
            "module.resources.aws_iam_role.iam_role_for_lambda",
            "module.resources.aws_lambda_function.dispatch_lambda_function",
            "module.resources.aws_lambda_layer_version.lambda_layer",
            "module.resources.data.archive_file.lambda_layer_zip",
            "module.resources.data.archive_file.python_lambda_package",
            "module.resources.null_resource.lambda_code",
            "module.resources.null_resource.pip_install"
          ]
        }
      ]
    },
    {
      "module": "module.resources",
      "mode": "managed",
      "type": "aws_lambda_function_event_invoke_config",
      "name": "notify_invoke",
      "provider": "provider[\"registry.terraform.io/hashicorp/aws\"]",
      "instances": [
        {
          "schema_version": 0,
          "attributes": {
            "destination_config": [],
            "function_name": "geonex-maas-prod-notify",
            "id": "geonex-maas-prod-notify",
            "maximum_event_age_in_seconds": 0,
            "maximum_retry_attempts": 0,
            "qualifier": ""
          },
          "sensitive_attributes": [],
          "private": "bnVsbA==",
          "dependencies": [
            "module.resources.aws_cloudwatch_log_group.notify_lambda_log",
            "module.resources.aws_iam_role.iam_role_for_lambda",
            "module.resources.aws_lambda_function.notify_lambda_function",
            "module.resources.aws_lambda_layer_version.lambda_layer",
            "module.resources.data.archive_file.lambda_layer_zip",
            "module.resources.data.archive_file.python_lambda_package",
            "module.resources.null_resource.lambda_code",
            "module.resources.null_resource.pip_install"
          ]
        }
      ]
    },
    {
      "module": "module.resources",
      "mode": "managed",
      "type": "aws_lambda_layer_version",
      "name": "lambda_layer",
      "provider": "provider[\"registry.terraform.io/hashicorp/aws\"]",
      "instances": [
        {
          "schema_version": 0,
          "attributes": {
            "arn": "arn:aws:lambda:us-east-1:058264225399:layer:geonex-maas-prod-lambda-layer:1",
            "code_sha256": "wwA74G1lfPxb91rSaZru3fUQgRPIe/mBPiyJAAJp6tw=",
            "compatible_architectures": [],
            "compatible_runtimes": [
              "python3.9"
            ],
            "created_date": "2024-08-01T13:36:56.266+0000",
            "description": "",
            "filename": "./lambda-layer.zip",
            "id": "arn:aws:lambda:us-east-1:058264225399:layer:geonex-maas-prod-lambda-layer:1",
            "layer_arn": "arn:aws:lambda:us-east-1:058264225399:layer:geonex-maas-prod-lambda-layer",
            "layer_name": "geonex-maas-prod-lambda-layer",
            "license_info": "",
            "s3_bucket": null,
            "s3_key": null,
            "s3_object_version": null,
            "signing_job_arn": "",
            "signing_profile_version_arn": "",
            "skip_destroy": false,
            "source_code_hash": "wwA74G1lfPxb91rSaZru3fUQgRPIe/mBPiyJAAJp6tw=",
            "source_code_size": 15646135,
            "version": "1"
          },
          "sensitive_attributes": [],
          "private": "bnVsbA==",
          "dependencies": [
            "module.resources.data.archive_file.lambda_layer_zip",
            "module.resources.null_resource.pip_install"
          ]
        }
      ]
    },
    {
      "module": "module.resources",
      "mode": "managed",
      "type": "aws_lambda_permission",
      "name": "allow_bucket_cancel",
      "provider": "provider[\"registry.terraform.io/hashicorp/aws\"]",
      "instances": [
        {
          "schema_version": 0,
          "attributes": {
            "action": "lambda:InvokeFunction",
            "event_source_token": null,
            "function_name": "arn:aws:lambda:us-east-1:058264225399:function:geonex-maas-prod-cancel",
            "function_url_auth_type": null,
            "id": "AllowExecutionFromS3Bucket",
            "principal": "s3.amazonaws.com",
            "principal_org_id": null,
            "qualifier": "",
            "source_account": null,
            "source_arn": "arn:aws:s3:::geonex-maas-prod-codm",
            "statement_id": "AllowExecutionFromS3Bucket",
            "statement_id_prefix": ""
          },
          "sensitive_attributes": [],
          "private": "bnVsbA==",
          "dependencies": [
            "module.resources.aws_cloudwatch_log_group.cancel_lambda_log",
            "module.resources.aws_cloudwatch_log_group.dispatch_lambda_log",
            "module.resources.aws_iam_role.iam_role_for_lambda",
            "module.resources.aws_lambda_function.cancel_lambda_function",
            "module.resources.aws_lambda_function.dispatch_lambda_function",
            "module.resources.aws_lambda_layer_version.lambda_layer",
            "module.resources.aws_s3_bucket.storage",
            "module.resources.data.archive_file.lambda_layer_zip",
            "module.resources.data.archive_file.python_lambda_package",
            "module.resources.null_resource.lambda_code",
            "module.resources.null_resource.pip_install"
          ]
        }
      ]
    },
    {
      "module": "module.resources",
      "mode": "managed",
      "type": "aws_lambda_permission",
      "name": "allow_bucket_dispatch",
      "provider": "provider[\"registry.terraform.io/hashicorp/aws\"]",
      "instances": [
        {
          "schema_version": 0,
          "attributes": {
            "action": "lambda:InvokeFunction",
            "event_source_token": null,
            "function_name": "arn:aws:lambda:us-east-1:058264225399:function:geonex-maas-prod-dispatch",
            "function_url_auth_type": null,
            "id": "AllowExecutionFromS3Bucket",
            "principal": "s3.amazonaws.com",
            "principal_org_id": null,
            "qualifier": "",
            "source_account": null,
            "source_arn": "arn:aws:s3:::geonex-maas-prod-codm",
            "statement_id": "AllowExecutionFromS3Bucket",
            "statement_id_prefix": ""
          },
          "sensitive_attributes": [],
          "private": "bnVsbA==",
          "dependencies": [
            "module.resources.aws_cloudwatch_log_group.cancel_lambda_log",
            "module.resources.aws_cloudwatch_log_group.dispatch_lambda_log",
            "module.resources.aws_iam_role.iam_role_for_lambda",
            "module.resources.aws_lambda_function.cancel_lambda_function",
            "module.resources.aws_lambda_function.dispatch_lambda_function",
            "module.resources.aws_lambda_layer_version.lambda_layer",
            "module.resources.aws_s3_bucket.storage",
            "module.resources.data.archive_file.lambda_layer_zip",
            "module.resources.data.archive_file.python_lambda_package",
            "module.resources.null_resource.lambda_code",
            "module.resources.null_resource.pip_install"
          ]
        }
      ]
    },
    {
      "module": "module.resources",
      "mode": "managed",
      "type": "aws_lambda_permission",
      "name": "allow_cloudwatch_to_notify",
      "provider": "provider[\"registry.terraform.io/hashicorp/aws\"]",
      "instances": [
        {
          "schema_version": 0,
          "attributes": {
            "action": "lambda:InvokeFunction",
            "event_source_token": null,
            "function_name": "geonex-maas-prod-notify",
            "function_url_auth_type": null,
            "id": "AllowExecutionFromCloudWatch",
            "principal": "events.amazonaws.com",
            "principal_org_id": null,
            "qualifier": "",
            "source_account": null,
            "source_arn": "arn:aws:events:us-east-1:058264225399:rule/geonex-maas-batch-event-watcher",
            "statement_id": "AllowExecutionFromCloudWatch",
            "statement_id_prefix": ""
          },
          "sensitive_attributes": [],
          "private": "bnVsbA==",
          "dependencies": [
            "module.resources.aws_cloudwatch_event_rule.batch-watch",
            "module.resources.aws_cloudwatch_log_group.notify_lambda_log",
            "module.resources.aws_iam_role.iam_role_for_lambda",
            "module.resources.aws_lambda_function.notify_lambda_function",
            "module.resources.aws_lambda_layer_version.lambda_layer",
            "module.resources.data.archive_file.lambda_layer_zip",
            "module.resources.data.archive_file.python_lambda_package",
            "module.resources.null_resource.lambda_code",
            "module.resources.null_resource.pip_install"
          ]
        }
      ]
    },
    {
      "module": "module.resources",
      "mode": "managed",
      "type": "aws_lambda_permission",
      "name": "cancel_sns_permission",
      "provider": "provider[\"registry.terraform.io/hashicorp/aws\"]",
      "instances": [
        {
          "schema_version": 0,
          "attributes": {
            "action": "lambda:InvokeFunction",
            "event_source_token": null,
            "function_name": "geonex-maas-prod-cancel",
            "function_url_auth_type": null,
            "id": "ExecuteFromS3",
            "principal": "s3.amazonaws.com",
            "principal_org_id": null,
            "qualifier": "",
            "source_account": null,
            "source_arn": "arn:aws:s3:::geonex-maas-prod-codm",
            "statement_id": "ExecuteFromS3",
            "statement_id_prefix": ""
          },
          "sensitive_attributes": [],
          "private": "bnVsbA==",
          "dependencies": [
            "module.resources.aws_cloudwatch_log_group.cancel_lambda_log",
            "module.resources.aws_iam_role.iam_role_for_lambda",
            "module.resources.aws_lambda_function.cancel_lambda_function",
            "module.resources.aws_lambda_layer_version.lambda_layer",
            "module.resources.data.archive_file.lambda_layer_zip",
            "module.resources.data.archive_file.python_lambda_package",
            "module.resources.null_resource.lambda_code",
            "module.resources.null_resource.pip_install"
          ]
        }
      ]
    },
    {
      "module": "module.resources",
      "mode": "managed",
      "type": "aws_lambda_permission",
      "name": "dispatch_sns_permission",
      "provider": "provider[\"registry.terraform.io/hashicorp/aws\"]",
      "instances": [
        {
          "schema_version": 0,
          "attributes": {
            "action": "lambda:InvokeFunction",
            "event_source_token": null,
            "function_name": "geonex-maas-prod-dispatch",
            "function_url_auth_type": null,
            "id": "ExecuteFromS3",
            "principal": "s3.amazonaws.com",
            "principal_org_id": null,
            "qualifier": "",
            "source_account": null,
            "source_arn": "arn:aws:s3:::geonex-maas-prod-codm",
            "statement_id": "ExecuteFromS3",
            "statement_id_prefix": ""
          },
          "sensitive_attributes": [],
          "private": "bnVsbA==",
          "dependencies": [
            "module.resources.aws_cloudwatch_log_group.dispatch_lambda_log",
            "module.resources.aws_iam_role.iam_role_for_lambda",
            "module.resources.aws_lambda_function.dispatch_lambda_function",
            "module.resources.aws_lambda_layer_version.lambda_layer",
            "module.resources.data.archive_file.lambda_layer_zip",
            "module.resources.data.archive_file.python_lambda_package",
            "module.resources.null_resource.lambda_code",
            "module.resources.null_resource.pip_install"
          ]
        }
      ]
    },
    {
      "module": "module.resources",
      "mode": "managed",
      "type": "aws_launch_template",
      "name": "launch_template",
      "provider": "provider[\"registry.terraform.io/hashicorp/aws\"]",
      "instances": [
        {
          "schema_version": 0,
          "attributes": {
            "arn": "arn:aws:ec2:us-east-1:058264225399:launch-template/lt-0cafc415882a79821",
            "block_device_mappings": [],
            "capacity_reservation_specification": [],
            "cpu_options": [],
            "credit_specification": [],
            "default_version": 1,
            "description": "",
            "disable_api_stop": false,
            "disable_api_termination": false,
            "ebs_optimized": "",
            "elastic_gpu_specifications": [],
            "elastic_inference_accelerator": [],
            "enclave_options": [],
            "hibernation_options": [],
            "iam_instance_profile": [],
            "id": "lt-0cafc415882a79821",
            "image_id": "",
            "instance_initiated_shutdown_behavior": "",
            "instance_market_options": [],
            "instance_requirements": [],
            "instance_type": "",
            "kernel_id": "",
            "key_name": "",
            "latest_version": 1,
            "license_specification": [],
            "maintenance_options": [],
            "metadata_options": [],
            "monitoring": [],
            "name": "geonex-maas-launch-template",
            "name_prefix": "",
            "network_interfaces": [],
            "placement": [],
            "private_dns_name_options": [],
            "ram_disk_id": "",
            "security_group_names": [],
            "tag_specifications": [
              {
                "resource_type": "instance",
                "tags": {
                  "Name": "geonex-maas-launch-template"
                }
              }
            ],
            "tags": {},
            "tags_all": {},
            "update_default_version": null,
            "user_data": "TUlNRS1WZXJzaW9uOiAxLjAKQ29udGVudC1UeXBlOiBtdWx0aXBhcnQvbWl4ZWQ7IGJvdW5kYXJ5PSI9PU1ZQk9VTkRBUlk9PSIKCi0tPT1NWUJPVU5EQVJZPT0KQ29udGVudC1UeXBlOiB0ZXh0L3gtc2hlbGxzY3JpcHQ7IGNoYXJzZXQ9InVzLWFzY2lpIgoKIyEvYmluL3NoCiMgTW91bnQgU1NELgpCSUc9JChsc2JsayAtYiB8IGdyZXAgbnZtZSB8IGF3ayAne3ByaW50ICQ0ICIgIiAkMX0nIHwgc29ydCAtayAxIC1yIC1uIHwgXAogICAgaGVhZCAtbiAxIHwgYXdrICd7cHJpbnQgJDJ9JykKRVhUPSIvZGV2LyRCSUciCmVjaG8gIk1vdW50aW5nICRFWFQiCm1rZnMgLXQgeGZzICIkRVhUIgpta2RpciAvbG9jYWwKbW91bnQgIiRFWFQiIC9sb2NhbApjaG93biAtUiBlYzItdXNlcjp1c2VycyAvbG9jYWwKCmZhbGxvY2F0ZSAtbCA2NEcgL2xvY2FsL3N3YXBmaWxlCmNobW9kIDYwMCAvbG9jYWwvc3dhcGZpbGUKbWtzd2FwIC9sb2NhbC9zd2FwZmlsZQpzd2Fwb24gL2xvY2FsL3N3YXBmaWxlCnN3YXBvbiAtcwoKCnJlYWQgLXIgLWQgJycgRE9DS0VSX1NFVFRJTkdTIDw8IEVPTQpEQUVNT05fTUFYRklMRVM9MTA0ODU3NgoKIyBBZGRpdGlvbmFsIHN0YXJ0dXAgb3B0aW9ucyBmb3IgdGhlIERvY2tlciBkYWVtb24sIGZvciBleGFtcGxlOgojIE9QVElPTlM9Ii0taXAtZm9yd2FyZD10cnVlIC0taXB0YWJsZXM9dHJ1ZSIKIyBCeSBkZWZhdWx0IHdlIGxpbWl0IHRoZSBudW1iZXIgb2Ygb3BlbiBmaWxlcyBwZXIgY29udGFpbmVyCk9QVElPTlM9Ii0tZGVmYXVsdC11bGltaXQgbm9maWxlPTEwMjQ6NDA5NiAtLWRhdGEtcm9vdD0vbG9jYWwvZG9ja2VyIgoKIyBIb3cgbWFueSBzZWNvbmRzIHRoZSBzeXN2aW5pdCBzY3JpcHQgd2FpdHMgZm9yIHRoZSBwaWRmaWxlIHRvIGFwcGVhcgojIHdoZW4gc3RhcnRpbmcgdGhlIGRhZW1vbi4KREFFTU9OX1BJREZJTEVfVElNRU9VVD0xMApFT00KCmVjaG8gLWUgIiRET0NLRVJfU0VUVElOR1MiID4gL2V0Yy9zeXNjb25maWcvZG9ja2VyCgpzZXJ2aWNlIGRvY2tlciByZXN0YXJ0CgojIEluc3RhbGEgbyBodG9wCnN1ZG8geXVtIGluc3RhbGwgaHRvcCAteQotLT09TVlCT1VOREFSWT09LS1cCg==",
            "vpc_security_group_ids": []
          },
          "sensitive_attributes": [],
          "private": "bnVsbA=="
        }
      ]
    },
    {
      "module": "module.resources",
      "mode": "managed",
      "type": "aws_route",
      "name": "InternetGatewayConnect",
      "provider": "provider[\"registry.terraform.io/hashicorp/aws\"]",
      "instances": [
        {
          "schema_version": 0,
          "attributes": {
            "carrier_gateway_id": "",
            "core_network_arn": "",
            "destination_cidr_block": "0.0.0.0/0",
            "destination_ipv6_cidr_block": "",
            "destination_prefix_list_id": "",
            "egress_only_gateway_id": "",
            "gateway_id": "igw-0194fbe063e4f426f",
            "id": "r-rtb-0bc905bd17c04dfcb1080289494",
            "instance_id": "",
            "instance_owner_id": "",
            "local_gateway_id": "",
            "nat_gateway_id": "",
            "network_interface_id": "",
            "origin": "CreateRoute",
            "route_table_id": "rtb-0bc905bd17c04dfcb",
            "state": "active",
            "timeouts": null,
            "transit_gateway_id": "",
            "vpc_endpoint_id": "",
            "vpc_peering_connection_id": ""
          },
          "sensitive_attributes": [],
          "private": "eyJlMmJmYjczMC1lY2FhLTExZTYtOGY4OC0zNDM2M2JjN2M0YzAiOnsiY3JlYXRlIjozMDAwMDAwMDAwMDAsImRlbGV0ZSI6MzAwMDAwMDAwMDAwLCJ1cGRhdGUiOjEyMDAwMDAwMDAwMH19",
          "dependencies": [
            "module.resources.aws_internet_gateway.gateway",
            "module.resources.aws_route_table.route-table",
            "module.resources.aws_vpc.engine-vpc"
          ]
        }
      ]
    },
    {
      "module": "module.resources",
      "mode": "managed",
      "type": "aws_route_table",
      "name": "route-table",
      "provider": "provider[\"registry.terraform.io/hashicorp/aws\"]",
      "instances": [
        {
          "schema_version": 0,
          "attributes": {
            "arn": "arn:aws:ec2:us-east-1:058264225399:route-table/rtb-0bc905bd17c04dfcb",
            "id": "rtb-0bc905bd17c04dfcb",
            "owner_id": "058264225399",
            "propagating_vgws": [],
            "route": [
              {
                "carrier_gateway_id": "",
                "cidr_block": "0.0.0.0/0",
                "core_network_arn": "",
                "destination_prefix_list_id": "",
                "egress_only_gateway_id": "",
                "gateway_id": "igw-0194fbe063e4f426f",
                "ipv6_cidr_block": "",
                "local_gateway_id": "",
                "nat_gateway_id": "",
                "network_interface_id": "",
                "transit_gateway_id": "",
                "vpc_endpoint_id": "",
                "vpc_peering_connection_id": ""
              }
            ],
            "tags": {},
            "tags_all": {},
            "timeouts": null,
            "vpc_id": "vpc-091b0a6521b810e45"
          },
          "sensitive_attributes": [],
          "private": "eyJlMmJmYjczMC1lY2FhLTExZTYtOGY4OC0zNDM2M2JjN2M0YzAiOnsiY3JlYXRlIjozMDAwMDAwMDAwMDAsImRlbGV0ZSI6MzAwMDAwMDAwMDAwLCJ1cGRhdGUiOjEyMDAwMDAwMDAwMH19",
          "dependencies": [
            "module.resources.aws_vpc.engine-vpc"
          ]
        }
      ]
    },
    {
      "module": "module.resources",
      "mode": "managed",
      "type": "aws_route_table_association",
      "name": "subnet-route-connections",
      "provider": "provider[\"registry.terraform.io/hashicorp/aws\"]",
      "instances": [
        {
          "index_key": 0,
          "schema_version": 0,
          "attributes": {
            "gateway_id": "",
            "id": "rtbassoc-09322ee7c058b8153",
            "route_table_id": "rtb-0bc905bd17c04dfcb",
            "subnet_id": "subnet-01d4ec83b14da465a",
            "timeouts": null
          },
          "sensitive_attributes": [],
          "private": "eyJlMmJmYjczMC1lY2FhLTExZTYtOGY4OC0zNDM2M2JjN2M0YzAiOnsiY3JlYXRlIjozMDAwMDAwMDAwMDAsImRlbGV0ZSI6MzAwMDAwMDAwMDAwLCJ1cGRhdGUiOjEyMDAwMDAwMDAwMH19",
          "dependencies": [
            "module.resources.aws_route_table.route-table",
            "module.resources.aws_subnet.worker-subnets",
            "module.resources.aws_vpc.engine-vpc",
            "module.resources.data.aws_availability_zone.available",
            "module.resources.data.aws_availability_zones.available"
          ]
        },
        {
          "index_key": 1,
          "schema_version": 0,
          "attributes": {
            "gateway_id": "",
            "id": "rtbassoc-0f6b4888618d6ea03",
            "route_table_id": "rtb-0bc905bd17c04dfcb",
            "subnet_id": "subnet-03693d5a9e05d133c",
            "timeouts": null
          },
          "sensitive_attributes": [],
          "private": "eyJlMmJmYjczMC1lY2FhLTExZTYtOGY4OC0zNDM2M2JjN2M0YzAiOnsiY3JlYXRlIjozMDAwMDAwMDAwMDAsImRlbGV0ZSI6MzAwMDAwMDAwMDAwLCJ1cGRhdGUiOjEyMDAwMDAwMDAwMH19",
          "dependencies": [
            "module.resources.aws_route_table.route-table",
            "module.resources.aws_subnet.worker-subnets",
            "module.resources.aws_vpc.engine-vpc",
            "module.resources.data.aws_availability_zone.available",
            "module.resources.data.aws_availability_zones.available"
          ]
        },
        {
          "index_key": 2,
          "schema_version": 0,
          "attributes": {
            "gateway_id": "",
            "id": "rtbassoc-0c3359db5f4d4db75",
            "route_table_id": "rtb-0bc905bd17c04dfcb",
            "subnet_id": "subnet-02c18df958a62c0ba",
            "timeouts": null
          },
          "sensitive_attributes": [],
          "private": "eyJlMmJmYjczMC1lY2FhLTExZTYtOGY4OC0zNDM2M2JjN2M0YzAiOnsiY3JlYXRlIjozMDAwMDAwMDAwMDAsImRlbGV0ZSI6MzAwMDAwMDAwMDAwLCJ1cGRhdGUiOjEyMDAwMDAwMDAwMH19",
          "dependencies": [
            "module.resources.aws_route_table.route-table",
            "module.resources.aws_subnet.worker-subnets",
            "module.resources.aws_vpc.engine-vpc",
            "module.resources.data.aws_availability_zone.available",
            "module.resources.data.aws_availability_zones.available"
          ]
        },
        {
          "index_key": 3,
          "schema_version": 0,
          "attributes": {
            "gateway_id": "",
            "id": "rtbassoc-0eea6dac87dc6bda5",
            "route_table_id": "rtb-0bc905bd17c04dfcb",
            "subnet_id": "subnet-0e877f96ec5fa2b9f",
            "timeouts": null
          },
          "sensitive_attributes": [],
          "private": "eyJlMmJmYjczMC1lY2FhLTExZTYtOGY4OC0zNDM2M2JjN2M0YzAiOnsiY3JlYXRlIjozMDAwMDAwMDAwMDAsImRlbGV0ZSI6MzAwMDAwMDAwMDAwLCJ1cGRhdGUiOjEyMDAwMDAwMDAwMH19",
          "dependencies": [
            "module.resources.aws_route_table.route-table",
            "module.resources.aws_subnet.worker-subnets",
            "module.resources.aws_vpc.engine-vpc",
            "module.resources.data.aws_availability_zone.available",
            "module.resources.data.aws_availability_zones.available"
          ]
        },
        {
          "index_key": 4,
          "schema_version": 0,
          "attributes": {
            "gateway_id": "",
            "id": "rtbassoc-0c376176b48aeffa2",
            "route_table_id": "rtb-0bc905bd17c04dfcb",
            "subnet_id": "subnet-0edd2b81c5f64cc3f",
            "timeouts": null
          },
          "sensitive_attributes": [],
          "private": "eyJlMmJmYjczMC1lY2FhLTExZTYtOGY4OC0zNDM2M2JjN2M0YzAiOnsiY3JlYXRlIjozMDAwMDAwMDAwMDAsImRlbGV0ZSI6MzAwMDAwMDAwMDAwLCJ1cGRhdGUiOjEyMDAwMDAwMDAwMH19",
          "dependencies": [
            "module.resources.aws_route_table.route-table",
            "module.resources.aws_subnet.worker-subnets",
            "module.resources.aws_vpc.engine-vpc",
            "module.resources.data.aws_availability_zone.available",
            "module.resources.data.aws_availability_zones.available"
          ]
        },
        {
          "index_key": 5,
          "schema_version": 0,
          "attributes": {
            "gateway_id": "",
            "id": "rtbassoc-0b9693ed501c4c236",
            "route_table_id": "rtb-0bc905bd17c04dfcb",
            "subnet_id": "subnet-0d0c0d54638a61b5e",
            "timeouts": null
          },
          "sensitive_attributes": [],
          "private": "eyJlMmJmYjczMC1lY2FhLTExZTYtOGY4OC0zNDM2M2JjN2M0YzAiOnsiY3JlYXRlIjozMDAwMDAwMDAwMDAsImRlbGV0ZSI6MzAwMDAwMDAwMDAwLCJ1cGRhdGUiOjEyMDAwMDAwMDAwMH19",
          "dependencies": [
            "module.resources.aws_route_table.route-table",
            "module.resources.aws_subnet.worker-subnets",
            "module.resources.aws_vpc.engine-vpc",
            "module.resources.data.aws_availability_zone.available",
            "module.resources.data.aws_availability_zones.available"
          ]
        }
      ]
    },
    {
      "module": "module.resources",
      "mode": "managed",
      "type": "aws_s3_bucket",
      "name": "storage",
      "provider": "provider[\"registry.terraform.io/hashicorp/aws\"]",
      "instances": [
        {
          "schema_version": 0,
          "attributes": {
            "acceleration_status": "",
            "acl": null,
            "arn": "arn:aws:s3:::geonex-maas-prod-codm",
            "bucket": "geonex-maas-prod-codm",
            "bucket_domain_name": "geonex-maas-prod-codm.s3.amazonaws.com",
            "bucket_prefix": "",
            "bucket_regional_domain_name": "geonex-maas-prod-codm.s3.us-east-1.amazonaws.com",
            "cors_rule": [],
            "force_destroy": false,
            "grant": [
              {
                "id": "e066882dd1363bc810d8efb8e7641ce01ca24b49e901580de70dadd83bbd2370",
                "permissions": [
                  "FULL_CONTROL"
                ],
                "type": "CanonicalUser",
                "uri": ""
              }
            ],
            "hosted_zone_id": "Z3AQBSTGFYJSTF",
            "id": "geonex-maas-prod-codm",
            "lifecycle_rule": [],
            "logging": [],
            "object_lock_configuration": [],
            "object_lock_enabled": false,
            "policy": "",
            "region": "us-east-1",
            "replication_configuration": [],
            "request_payer": "BucketOwner",
            "server_side_encryption_configuration": [
              {
                "rule": [
                  {
                    "apply_server_side_encryption_by_default": [
                      {
                        "kms_master_key_id": "",
                        "sse_algorithm": "AES256"
                      }
                    ],
                    "bucket_key_enabled": false
                  }
                ]
              }
            ],
            "tags": {
              "Name": "geonex-maas:s3.prod"
            },
            "tags_all": {
              "Name": "geonex-maas:s3.prod"
            },
            "timeouts": null,
            "versioning": [
              {
                "enabled": false,
                "mfa_delete": false
              }
            ],
            "website": [],
            "website_domain": null,
            "website_endpoint": null
          },
          "sensitive_attributes": [],
          "private": "eyJlMmJmYjczMC1lY2FhLTExZTYtOGY4OC0zNDM2M2JjN2M0YzAiOnsiY3JlYXRlIjoxMjAwMDAwMDAwMDAwLCJkZWxldGUiOjM2MDAwMDAwMDAwMDAsInJlYWQiOjEyMDAwMDAwMDAwMDAsInVwZGF0ZSI6MTIwMDAwMDAwMDAwMH19",
          "dependencies": [
            "module.resources.aws_cloudwatch_log_group.cancel_lambda_log",
            "module.resources.aws_cloudwatch_log_group.dispatch_lambda_log",
            "module.resources.aws_iam_role.iam_role_for_lambda",
            "module.resources.aws_lambda_function.cancel_lambda_function",
            "module.resources.aws_lambda_function.dispatch_lambda_function",
            "module.resources.aws_lambda_layer_version.lambda_layer",
            "module.resources.data.archive_file.lambda_layer_zip",
            "module.resources.data.archive_file.python_lambda_package",
            "module.resources.null_resource.lambda_code",
            "module.resources.null_resource.pip_install"
          ]
        }
      ]
    },
    {
      "module": "module.resources",
      "mode": "managed",
      "type": "aws_s3_bucket_notification",
      "name": "bucket_notification",
      "provider": "provider[\"registry.terraform.io/hashicorp/aws\"]",
      "instances": [
        {
          "schema_version": 0,
          "attributes": {
            "bucket": "geonex-maas-prod-codm",
            "eventbridge": false,
            "id": "geonex-maas-prod-codm",
            "lambda_function": [
              {
                "events": [
                  "s3:ObjectCreated:*"
                ],
                "filter_prefix": "",
                "filter_suffix": "cancel",
                "id": "tf-s3-lambda-20240801133719807900000009",
                "lambda_function_arn": "arn:aws:lambda:us-east-1:058264225399:function:geonex-maas-prod-cancel"
              },
              {
                "events": [
                  "s3:ObjectCreated:*"
                ],
                "filter_prefix": "",
                "filter_suffix": "process",
                "id": "tf-s3-lambda-2024080113371980790000000a",
                "lambda_function_arn": "arn:aws:lambda:us-east-1:058264225399:function:geonex-maas-prod-dispatch"
              }
            ],
            "queue": [],
            "topic": []
          },
          "sensitive_attributes": [],
          "private": "bnVsbA==",
          "dependencies": [
            "module.resources.aws_cloudwatch_log_group.cancel_lambda_log",
            "module.resources.aws_cloudwatch_log_group.dispatch_lambda_log",
            "module.resources.aws_iam_role.iam_role_for_lambda",
            "module.resources.aws_lambda_function.cancel_lambda_function",
            "module.resources.aws_lambda_function.dispatch_lambda_function",
            "module.resources.aws_lambda_layer_version.lambda_layer",
            "module.resources.aws_lambda_permission.allow_bucket_cancel",
            "module.resources.aws_lambda_permission.allow_bucket_dispatch",
            "module.resources.aws_s3_bucket.storage",
            "module.resources.data.archive_file.lambda_layer_zip",
            "module.resources.data.archive_file.python_lambda_package",
            "module.resources.null_resource.lambda_code",
            "module.resources.null_resource.pip_install"
          ]
        }
      ]
    },
    {
      "module": "module.resources",
      "mode": "managed",
      "type": "aws_security_group",
      "name": "worker-security-group",
      "provider": "provider[\"registry.terraform.io/hashicorp/aws\"]",
      "instances": [
        {
          "schema_version": 1,
          "attributes": {
            "arn": "arn:aws:ec2:us-east-1:058264225399:security-group/sg-029945b6601d282a6",
            "description": "Security group for coord worker instances",
            "egress": [
              {
                "cidr_blocks": [
                  "0.0.0.0/0"
                ],
                "description": "",
                "from_port": 0,
                "ipv6_cidr_blocks": [],
                "prefix_list_ids": [],
                "protocol": "tcp",
                "security_groups": [],
                "self": false,
                "to_port": 65535
              }
            ],
            "id": "sg-029945b6601d282a6",
            "ingress": [
              {
                "cidr_blocks": [
                  "0.0.0.0/0"
                ],
                "description": "",
                "from_port": 22,
                "ipv6_cidr_blocks": [],
                "prefix_list_ids": [],
                "protocol": "tcp",
                "security_groups": [],
                "self": false,
                "to_port": 22
              }
            ],
            "name": "WorkerSecurityGroup",
            "name_prefix": "",
            "owner_id": "058264225399",
            "revoke_rules_on_delete": false,
            "tags": {},
            "tags_all": {},
            "timeouts": null,
            "vpc_id": "vpc-091b0a6521b810e45"
          },
          "sensitive_attributes": [],
          "private": "eyJlMmJmYjczMC1lY2FhLTExZTYtOGY4OC0zNDM2M2JjN2M0YzAiOnsiY3JlYXRlIjo2MDAwMDAwMDAwMDAsImRlbGV0ZSI6OTAwMDAwMDAwMDAwfSwic2NoZW1hX3ZlcnNpb24iOiIxIn0=",
          "dependencies": [
            "module.resources.aws_vpc.engine-vpc"
          ]
        }
      ]
    },
    {
      "module": "module.resources",
      "mode": "managed",
      "type": "aws_sns_topic",
      "name": "codm-notifications-sns",
      "provider": "provider[\"registry.terraform.io/hashicorp/aws\"]",
      "instances": [
        {
          "schema_version": 0,
          "attributes": {
            "application_failure_feedback_role_arn": "",
            "application_success_feedback_role_arn": "",
            "application_success_feedback_sample_rate": 0,
            "archive_policy": "",
            "arn": "arn:aws:sns:us-east-1:058264225399:geonex-maas-prod-notifications",
            "beginning_archive_time": "",
            "content_based_deduplication": false,
            "delivery_policy": "",
            "display_name": "Cloud ODM Processing Topic",
            "fifo_topic": false,
            "firehose_failure_feedback_role_arn": "",
            "firehose_success_feedback_role_arn": "",
            "firehose_success_feedback_sample_rate": 0,
            "http_failure_feedback_role_arn": "",
            "http_success_feedback_role_arn": "",
            "http_success_feedback_sample_rate": 0,
            "id": "arn:aws:sns:us-east-1:058264225399:geonex-maas-prod-notifications",
            "kms_master_key_id": "",
            "lambda_failure_feedback_role_arn": "",
            "lambda_success_feedback_role_arn": "",
            "lambda_success_feedback_sample_rate": 0,
            "name": "geonex-maas-prod-notifications",
            "name_prefix": "",
            "owner": "058264225399",
            "policy": "{\"Id\":\"geonex-maas-prod-sns-watcher-policy\",\"Statement\":[{\"Action\":\"SNS:Publish\",\"Effect\":\"Allow\",\"Principal\":{\"AWS\":\"*\"},\"Resource\":\"arn:aws:sns:us-east-1:058264225399:geonex-maas-prod-notifications\",\"Sid\":\"geonex-maas-sns-topic-statement-id\"}],\"Version\":\"2012-10-17\"}",
            "signature_version": 0,
            "sqs_failure_feedback_role_arn": "",
            "sqs_success_feedback_role_arn": "",
            "sqs_success_feedback_sample_rate": 0,
            "tags": {
              "Name": "geonex-maas:sns.prod.notifications"
            },
            "tags_all": {
              "Name": "geonex-maas:sns.prod.notifications"
            },
            "tracing_config": ""
          },
          "sensitive_attributes": [],
          "private": "bnVsbA=="
        }
      ]
    },
    {
      "module": "module.resources",
      "mode": "managed",
      "type": "aws_sns_topic",
      "name": "topic",
      "provider": "provider[\"registry.terraform.io/hashicorp/aws\"]",
      "instances": [
        {
          "schema_version": 0,
          "attributes": {
            "application_failure_feedback_role_arn": "",
            "application_success_feedback_role_arn": "",
            "application_success_feedback_sample_rate": 0,
            "archive_policy": "",
            "arn": "arn:aws:sns:us-east-1:058264225399:s3-event-notification-topic",
            "beginning_archive_time": "",
            "content_based_deduplication": false,
            "delivery_policy": "",
            "display_name": "",
            "fifo_topic": false,
            "firehose_failure_feedback_role_arn": "",
            "firehose_success_feedback_role_arn": "",
            "firehose_success_feedback_sample_rate": 0,
            "http_failure_feedback_role_arn": "",
            "http_success_feedback_role_arn": "",
            "http_success_feedback_sample_rate": 0,
            "id": "arn:aws:sns:us-east-1:058264225399:s3-event-notification-topic",
            "kms_master_key_id": "",
            "lambda_failure_feedback_role_arn": "",
            "lambda_success_feedback_role_arn": "",
            "lambda_success_feedback_sample_rate": 0,
            "name": "s3-event-notification-topic",
            "name_prefix": "",
            "owner": "058264225399",
            "policy": "{\"Statement\":[{\"Action\":\"SNS:Publish\",\"Condition\":{\"ArnLike\":{\"aws:SourceArn\":\"arn:aws:s3:::geonex-maas-prod-codm\"}},\"Effect\":\"Allow\",\"Principal\":{\"Service\":\"s3.amazonaws.com\"},\"Resource\":\"arn:aws:sns:*:*:s3-event-notification-topic\"}],\"Version\":\"2012-10-17\"}",
            "signature_version": 0,
            "sqs_failure_feedback_role_arn": "",
            "sqs_success_feedback_role_arn": "",
            "sqs_success_feedback_sample_rate": 0,
            "tags": {},
            "tags_all": {},
            "tracing_config": ""
          },
          "sensitive_attributes": [],
          "private": "bnVsbA==",
          "dependencies": [
            "module.resources.aws_cloudwatch_log_group.cancel_lambda_log",
            "module.resources.aws_cloudwatch_log_group.dispatch_lambda_log",
            "module.resources.aws_iam_role.iam_role_for_lambda",
            "module.resources.aws_lambda_function.cancel_lambda_function",
            "module.resources.aws_lambda_function.dispatch_lambda_function",
            "module.resources.aws_lambda_layer_version.lambda_layer",
            "module.resources.aws_s3_bucket.storage",
            "module.resources.data.archive_file.lambda_layer_zip",
            "module.resources.data.archive_file.python_lambda_package",
            "module.resources.data.aws_iam_policy_document.topic",
            "module.resources.null_resource.lambda_code",
            "module.resources.null_resource.pip_install"
          ]
        }
      ]
    },
    {
      "module": "module.resources",
      "mode": "managed",
      "type": "aws_sns_topic_policy",
      "name": "batch-watch-policy",
      "provider": "provider[\"registry.terraform.io/hashicorp/aws\"]",
      "instances": [
        {
          "schema_version": 0,
          "attributes": {
            "arn": "arn:aws:sns:us-east-1:058264225399:geonex-maas-prod-notifications",
            "id": "arn:aws:sns:us-east-1:058264225399:geonex-maas-prod-notifications",
            "owner": "058264225399",
            "policy": "{\"Id\":\"geonex-maas-prod-sns-watcher-policy\",\"Statement\":[{\"Action\":\"SNS:Publish\",\"Effect\":\"Allow\",\"Principal\":{\"AWS\":\"*\"},\"Resource\":\"arn:aws:sns:us-east-1:058264225399:geonex-maas-prod-notifications\",\"Sid\":\"geonex-maas-sns-topic-statement-id\"}],\"Version\":\"2012-10-17\"}"
          },
          "sensitive_attributes": [],
          "private": "bnVsbA==",
          "dependencies": [
            "module.resources.aws_sns_topic.codm-notifications-sns",
            "module.resources.data.aws_iam_policy_document.sns-topic-policy"
          ]
        }
      ]
    },
    {
      "module": "module.resources",
      "mode": "managed",
      "type": "aws_subnet",
      "name": "worker-subnets",
      "provider": "provider[\"registry.terraform.io/hashicorp/aws\"]",
      "instances": [
        {
          "index_key": 0,
          "schema_version": 1,
          "attributes": {
            "arn": "arn:aws:ec2:us-east-1:058264225399:subnet/subnet-01d4ec83b14da465a",
            "assign_ipv6_address_on_creation": false,
            "availability_zone": "us-east-1a",
            "availability_zone_id": "use1-az6",
            "cidr_block": "12.0.0.0/24",
            "customer_owned_ipv4_pool": "",
            "enable_dns64": false,
            "enable_lni_at_device_index": 0,
            "enable_resource_name_dns_a_record_on_launch": false,
            "enable_resource_name_dns_aaaa_record_on_launch": false,
            "id": "subnet-01d4ec83b14da465a",
            "ipv6_cidr_block": "",
            "ipv6_cidr_block_association_id": "",
            "ipv6_native": false,
            "map_customer_owned_ip_on_launch": false,
            "map_public_ip_on_launch": true,
            "outpost_arn": "",
            "owner_id": "058264225399",
            "private_dns_hostname_type_on_launch": "ip-name",
            "tags": {},
            "tags_all": {},
            "timeouts": null,
            "vpc_id": "vpc-091b0a6521b810e45"
          },
          "sensitive_attributes": [],
          "private": "eyJlMmJmYjczMC1lY2FhLTExZTYtOGY4OC0zNDM2M2JjN2M0YzAiOnsiY3JlYXRlIjo2MDAwMDAwMDAwMDAsImRlbGV0ZSI6MTIwMDAwMDAwMDAwMH0sInNjaGVtYV92ZXJzaW9uIjoiMSJ9",
          "dependencies": [
            "module.resources.aws_vpc.engine-vpc",
            "module.resources.data.aws_availability_zone.available",
            "module.resources.data.aws_availability_zones.available"
          ]
        },
        {
          "index_key": 1,
          "schema_version": 1,
          "attributes": {
            "arn": "arn:aws:ec2:us-east-1:058264225399:subnet/subnet-03693d5a9e05d133c",
            "assign_ipv6_address_on_creation": false,
            "availability_zone": "us-east-1b",
            "availability_zone_id": "use1-az1",
            "cidr_block": "12.0.1.0/24",
            "customer_owned_ipv4_pool": "",
            "enable_dns64": false,
            "enable_lni_at_device_index": 0,
            "enable_resource_name_dns_a_record_on_launch": false,
            "enable_resource_name_dns_aaaa_record_on_launch": false,
            "id": "subnet-03693d5a9e05d133c",
            "ipv6_cidr_block": "",
            "ipv6_cidr_block_association_id": "",
            "ipv6_native": false,
            "map_customer_owned_ip_on_launch": false,
            "map_public_ip_on_launch": true,
            "outpost_arn": "",
            "owner_id": "058264225399",
            "private_dns_hostname_type_on_launch": "ip-name",
            "tags": {},
            "tags_all": {},
            "timeouts": null,
            "vpc_id": "vpc-091b0a6521b810e45"
          },
          "sensitive_attributes": [],
          "private": "eyJlMmJmYjczMC1lY2FhLTExZTYtOGY4OC0zNDM2M2JjN2M0YzAiOnsiY3JlYXRlIjo2MDAwMDAwMDAwMDAsImRlbGV0ZSI6MTIwMDAwMDAwMDAwMH0sInNjaGVtYV92ZXJzaW9uIjoiMSJ9",
          "dependencies": [
            "module.resources.aws_vpc.engine-vpc",
            "module.resources.data.aws_availability_zone.available",
            "module.resources.data.aws_availability_zones.available"
          ]
        },
        {
          "index_key": 2,
          "schema_version": 1,
          "attributes": {
            "arn": "arn:aws:ec2:us-east-1:058264225399:subnet/subnet-02c18df958a62c0ba",
            "assign_ipv6_address_on_creation": false,
            "availability_zone": "us-east-1c",
            "availability_zone_id": "use1-az2",
            "cidr_block": "12.0.2.0/24",
            "customer_owned_ipv4_pool": "",
            "enable_dns64": false,
            "enable_lni_at_device_index": 0,
            "enable_resource_name_dns_a_record_on_launch": false,
            "enable_resource_name_dns_aaaa_record_on_launch": false,
            "id": "subnet-02c18df958a62c0ba",
            "ipv6_cidr_block": "",
            "ipv6_cidr_block_association_id": "",
            "ipv6_native": false,
            "map_customer_owned_ip_on_launch": false,
            "map_public_ip_on_launch": true,
            "outpost_arn": "",
            "owner_id": "058264225399",
            "private_dns_hostname_type_on_launch": "ip-name",
            "tags": {},
            "tags_all": {},
            "timeouts": null,
            "vpc_id": "vpc-091b0a6521b810e45"
          },
          "sensitive_attributes": [],
          "private": "eyJlMmJmYjczMC1lY2FhLTExZTYtOGY4OC0zNDM2M2JjN2M0YzAiOnsiY3JlYXRlIjo2MDAwMDAwMDAwMDAsImRlbGV0ZSI6MTIwMDAwMDAwMDAwMH0sInNjaGVtYV92ZXJzaW9uIjoiMSJ9",
          "dependencies": [
            "module.resources.aws_vpc.engine-vpc",
            "module.resources.data.aws_availability_zone.available",
            "module.resources.data.aws_availability_zones.available"
          ]
        },
        {
          "index_key": 3,
          "schema_version": 1,
          "attributes": {
            "arn": "arn:aws:ec2:us-east-1:058264225399:subnet/subnet-0e877f96ec5fa2b9f",
            "assign_ipv6_address_on_creation": false,
            "availability_zone": "us-east-1d",
            "availability_zone_id": "use1-az4",
            "cidr_block": "12.0.3.0/24",
            "customer_owned_ipv4_pool": "",
            "enable_dns64": false,
            "enable_lni_at_device_index": 0,
            "enable_resource_name_dns_a_record_on_launch": false,
            "enable_resource_name_dns_aaaa_record_on_launch": false,
            "id": "subnet-0e877f96ec5fa2b9f",
            "ipv6_cidr_block": "",
            "ipv6_cidr_block_association_id": "",
            "ipv6_native": false,
            "map_customer_owned_ip_on_launch": false,
            "map_public_ip_on_launch": true,
            "outpost_arn": "",
            "owner_id": "058264225399",
            "private_dns_hostname_type_on_launch": "ip-name",
            "tags": {},
            "tags_all": {},
            "timeouts": null,
            "vpc_id": "vpc-091b0a6521b810e45"
          },
          "sensitive_attributes": [],
          "private": "eyJlMmJmYjczMC1lY2FhLTExZTYtOGY4OC0zNDM2M2JjN2M0YzAiOnsiY3JlYXRlIjo2MDAwMDAwMDAwMDAsImRlbGV0ZSI6MTIwMDAwMDAwMDAwMH0sInNjaGVtYV92ZXJzaW9uIjoiMSJ9",
          "dependencies": [
            "module.resources.aws_vpc.engine-vpc",
            "module.resources.data.aws_availability_zone.available",
            "module.resources.data.aws_availability_zones.available"
          ]
        },
        {
          "index_key": 4,
          "schema_version": 1,
          "attributes": {
            "arn": "arn:aws:ec2:us-east-1:058264225399:subnet/subnet-0edd2b81c5f64cc3f",
            "assign_ipv6_address_on_creation": false,
            "availability_zone": "us-east-1e",
            "availability_zone_id": "use1-az3",
            "cidr_block": "12.0.4.0/24",
            "customer_owned_ipv4_pool": "",
            "enable_dns64": false,
            "enable_lni_at_device_index": 0,
            "enable_resource_name_dns_a_record_on_launch": false,
            "enable_resource_name_dns_aaaa_record_on_launch": false,
            "id": "subnet-0edd2b81c5f64cc3f",
            "ipv6_cidr_block": "",
            "ipv6_cidr_block_association_id": "",
            "ipv6_native": false,
            "map_customer_owned_ip_on_launch": false,
            "map_public_ip_on_launch": true,
            "outpost_arn": "",
            "owner_id": "058264225399",
            "private_dns_hostname_type_on_launch": "ip-name",
            "tags": {},
            "tags_all": {},
            "timeouts": null,
            "vpc_id": "vpc-091b0a6521b810e45"
          },
          "sensitive_attributes": [],
          "private": "eyJlMmJmYjczMC1lY2FhLTExZTYtOGY4OC0zNDM2M2JjN2M0YzAiOnsiY3JlYXRlIjo2MDAwMDAwMDAwMDAsImRlbGV0ZSI6MTIwMDAwMDAwMDAwMH0sInNjaGVtYV92ZXJzaW9uIjoiMSJ9",
          "dependencies": [
            "module.resources.aws_vpc.engine-vpc",
            "module.resources.data.aws_availability_zone.available",
            "module.resources.data.aws_availability_zones.available"
          ]
        },
        {
          "index_key": 5,
          "schema_version": 1,
          "attributes": {
            "arn": "arn:aws:ec2:us-east-1:058264225399:subnet/subnet-0d0c0d54638a61b5e",
            "assign_ipv6_address_on_creation": false,
            "availability_zone": "us-east-1f",
            "availability_zone_id": "use1-az5",
            "cidr_block": "12.0.5.0/24",
            "customer_owned_ipv4_pool": "",
            "enable_dns64": false,
            "enable_lni_at_device_index": 0,
            "enable_resource_name_dns_a_record_on_launch": false,
            "enable_resource_name_dns_aaaa_record_on_launch": false,
            "id": "subnet-0d0c0d54638a61b5e",
            "ipv6_cidr_block": "",
            "ipv6_cidr_block_association_id": "",
            "ipv6_native": false,
            "map_customer_owned_ip_on_launch": false,
            "map_public_ip_on_launch": true,
            "outpost_arn": "",
            "owner_id": "058264225399",
            "private_dns_hostname_type_on_launch": "ip-name",
            "tags": {},
            "tags_all": {},
            "timeouts": null,
            "vpc_id": "vpc-091b0a6521b810e45"
          },
          "sensitive_attributes": [],
          "private": "eyJlMmJmYjczMC1lY2FhLTExZTYtOGY4OC0zNDM2M2JjN2M0YzAiOnsiY3JlYXRlIjo2MDAwMDAwMDAwMDAsImRlbGV0ZSI6MTIwMDAwMDAwMDAwMH0sInNjaGVtYV92ZXJzaW9uIjoiMSJ9",
          "dependencies": [
            "module.resources.aws_vpc.engine-vpc",
            "module.resources.data.aws_availability_zone.available",
            "module.resources.data.aws_availability_zones.available"
          ]
        }
      ]
    },
    {
      "module": "module.resources",
      "mode": "managed",
      "type": "aws_vpc",
      "name": "engine-vpc",
      "provider": "provider[\"registry.terraform.io/hashicorp/aws\"]",
      "instances": [
        {
          "schema_version": 1,
          "attributes": {
            "arn": "arn:aws:ec2:us-east-1:058264225399:vpc/vpc-091b0a6521b810e45",
            "assign_generated_ipv6_cidr_block": false,
            "cidr_block": "12.0.0.0/16",
            "default_network_acl_id": "acl-06ddf1987b5e45bb7",
            "default_route_table_id": "rtb-0265c3f40d9d68c2f",
            "default_security_group_id": "sg-01a542abaa331f82f",
            "dhcp_options_id": "dopt-09e0107c46a376f07",
            "enable_dns_hostnames": false,
            "enable_dns_support": true,
            "enable_network_address_usage_metrics": false,
            "id": "vpc-091b0a6521b810e45",
            "instance_tenancy": "default",
            "ipv4_ipam_pool_id": null,
            "ipv4_netmask_length": null,
            "ipv6_association_id": "",
            "ipv6_cidr_block": "",
            "ipv6_cidr_block_network_border_group": "",
            "ipv6_ipam_pool_id": "",
            "ipv6_netmask_length": 0,
            "main_route_table_id": "rtb-0265c3f40d9d68c2f",
            "owner_id": "058264225399",
            "tags": {},
            "tags_all": {}
          },
          "sensitive_attributes": [],
          "private": "eyJzY2hlbWFfdmVyc2lvbiI6IjEifQ=="
        }
      ]
    },
    {
      "module": "module.resources",
      "mode": "managed",
      "type": "null_resource",
      "name": "ecr_image",
      "provider": "provider[\"registry.terraform.io/hashicorp/null\"]",
      "instances": [
        {
          "schema_version": 0,
          "attributes": {
            "id": "4779829212498983520",
            "triggers": {
              "docker_file": "a3de956a7b91a57eb470fcd86c1badfe",
              "entry_file": "4178a5ce182c3170545f77458d529d34"
            }
          },
          "sensitive_attributes": [],
          "dependencies": [
            "module.resources.aws_ecr_repository.repo",
            "module.resources.data.aws_caller_identity.current",
            "module.resources.data.aws_region.current"
          ]
        }
      ]
    },
    {
      "module": "module.resources",
      "mode": "managed",
      "type": "null_resource",
      "name": "lambda_code",
      "provider": "provider[\"registry.terraform.io/hashicorp/null\"]",
      "instances": [
        {
          "schema_version": 0,
          "attributes": {
            "id": "5692129388495912922",
            "triggers": {
              "python_file": "e6ae86f9e013652e06b2203fcc46d902"
            }
          },
          "sensitive_attributes": []
        }
      ]
    },
    {
      "module": "module.resources",
      "mode": "managed",
      "type": "null_resource",
      "name": "pip_install",
      "provider": "provider[\"registry.terraform.io/hashicorp/null\"]",
      "instances": [
        {
          "schema_version": 0,
          "attributes": {
            "id": "3191708141129825941",
            "triggers": {
              "shell_hash": "fbf524556df87c85adc00e95034b346d5f4c8a503bb5fca7187b2b4250a137b8"
            }
          },
          "sensitive_attributes": []
        }
      ]
    }
  ],
  "check_results": null
}
